// !$*UTF8*$!
{
	archiveVersion = 1;
	classes = {
	};
	objectVersion = 46;
	objects = {

/* Begin PBXBuildFile section */
		617DE28A1EE9734900189A63 /* XCTest.framework in Frameworks */ = {isa = PBXBuildFile; fileRef = 617DE2891EE9734900189A63 /* XCTest.framework */; };
		617DE2921EE973C100189A63 /* macOSTests.m in Sources */ = {isa = PBXBuildFile; fileRef = 617DE2911EE973C100189A63 /* macOSTests.m */; };
		617DE2941EE973C100189A63 /* libmacOS.a in Frameworks */ = {isa = PBXBuildFile; fileRef = 61DF1EF11ED66B80008333A8 /* libmacOS.a */; };
		617DE2A11EE973F000189A63 /* iOSTests.m in Sources */ = {isa = PBXBuildFile; fileRef = 617DE2A01EE973F000189A63 /* iOSTests.m */; };
		617DE2A31EE973F000189A63 /* libiOS.a in Frameworks */ = {isa = PBXBuildFile; fileRef = 61DF1ED31ED66B1C008333A8 /* libiOS.a */; };
		61D1E9371F04586F0038AE3D /* MSVertexData.m in Sources */ = {isa = PBXBuildFile; fileRef = 615AF6A31EB8B3930086897F /* MSVertexData.m */; };
		61D1E9381F04586F0038AE3D /* MSModelFace.m in Sources */ = {isa = PBXBuildFile; fileRef = 615AF69D1EB8B3930086897F /* MSModelFace.m */; };
		61D1E9391F04586F0038AE3D /* MSModelFraction.m in Sources */ = {isa = PBXBuildFile; fileRef = 615AF69F1EB8B3930086897F /* MSModelFraction.m */; };
		61D1E93A1F04586F0038AE3D /* MSMaterial.m in Sources */ = {isa = PBXBuildFile; fileRef = 615EE8B51EFAECD9009537F9 /* MSMaterial.m */; };
		61D1E93B1F04586F0038AE3D /* MSMaterialStore.m in Sources */ = {isa = PBXBuildFile; fileRef = 615EE8C11EFAFAD8009537F9 /* MSMaterialStore.m */; };
		61D1E93C1F04586F0038AE3D /* MSRenderOpenGL.m in Sources */ = {isa = PBXBuildFile; fileRef = 61D1E92B1F0448F40038AE3D /* MSRenderOpenGL.m */; };
		61D1E93D1F04586F0038AE3D /* MSDrawableFraction.m in Sources */ = {isa = PBXBuildFile; fileRef = 61D1E9321F044F6B0038AE3D /* MSDrawableFraction.m */; };
		61D1E93E1F04586F0038AE3D /* MSEngineUtility.m in Sources */ = {isa = PBXBuildFile; fileRef = 615AF6A51EB8B3930086897F /* MSEngineUtility.m */; };
		61D1E9401F04586F0038AE3D /* MSWorld.m in Sources */ = {isa = PBXBuildFile; fileRef = 615AF6AA1EB8B3930086897F /* MSWorld.m */; };
		61D1E9411F04586F0038AE3D /* MSPuppet.m in Sources */ = {isa = PBXBuildFile; fileRef = 615AF6B21EB8B3930086897F /* MSPuppet.m */; };
		61D1E9421F04586F0038AE3D /* MSLightSource.m in Sources */ = {isa = PBXBuildFile; fileRef = 619A5F541EBA81460017DB89 /* MSLightSource.m */; };
		61D1E9431F04586F0038AE3D /* MSTransformationManager.m in Sources */ = {isa = PBXBuildFile; fileRef = 615AF6A11EB8B3930086897F /* MSTransformationManager.m */; };
		61D1E9441F04586F0038AE3D /* MSPoint.m in Sources */ = {isa = PBXBuildFile; fileRef = 615AF6B81EB8B3930086897F /* MSPoint.m */; };
		61D1E9451F04586F0038AE3D /* MSMatrixND.m in Sources */ = {isa = PBXBuildFile; fileRef = 615AF6B61EB8B3930086897F /* MSMatrixND.m */; };
		61D1E9461F04586F0038AE3D /* MSVectorND.m in Sources */ = {isa = PBXBuildFile; fileRef = 615AF6BB1EB8B3930086897F /* MSVectorND.m */; };
		61D1E9481F04586F0038AE3D /* MSLoaderOBJ.m in Sources */ = {isa = PBXBuildFile; fileRef = 615AF6C01EB8B3930086897F /* MSLoaderOBJ.m */; };
		61D1E9491F04586F0038AE3D /* MSLoaderMTL.m in Sources */ = {isa = PBXBuildFile; fileRef = 615EE8BB1EFAF1A8009537F9 /* MSLoaderMTL.m */; };
		61D1E94C1F04587E0038AE3D /* MSVertexData.h in Headers */ = {isa = PBXBuildFile; fileRef = 615AF6A21EB8B3930086897F /* MSVertexData.h */; settings = {ATTRIBUTES = (Public, ); }; };
		61D1E94D1F04587E0038AE3D /* MSModelFace.h in Headers */ = {isa = PBXBuildFile; fileRef = 615AF69C1EB8B3930086897F /* MSModelFace.h */; settings = {ATTRIBUTES = (Public, ); }; };
		61D1E94E1F04587E0038AE3D /* MSModelFraction.h in Headers */ = {isa = PBXBuildFile; fileRef = 615AF69E1EB8B3930086897F /* MSModelFraction.h */; settings = {ATTRIBUTES = (Public, ); }; };
		61D1E94F1F04587E0038AE3D /* MSMaterial.h in Headers */ = {isa = PBXBuildFile; fileRef = 615EE8B41EFAECD9009537F9 /* MSMaterial.h */; settings = {ATTRIBUTES = (Public, ); }; };
		61D1E9501F04587E0038AE3D /* MSMaterialStore.h in Headers */ = {isa = PBXBuildFile; fileRef = 615EE8C01EFAFAD8009537F9 /* MSMaterialStore.h */; settings = {ATTRIBUTES = (Public, ); }; };
		61D1E9511F04587E0038AE3D /* MSRenderOpenGL.h in Headers */ = {isa = PBXBuildFile; fileRef = 61D1E92A1F0448F40038AE3D /* MSRenderOpenGL.h */; settings = {ATTRIBUTES = (Public, ); }; };
		61D1E9521F04587E0038AE3D /* MSDrawableFraction.h in Headers */ = {isa = PBXBuildFile; fileRef = 61D1E9311F044F6B0038AE3D /* MSDrawableFraction.h */; settings = {ATTRIBUTES = (Public, ); }; };
		61D1E9531F04587E0038AE3D /* MSEngineUtility.h in Headers */ = {isa = PBXBuildFile; fileRef = 615AF6A41EB8B3930086897F /* MSEngineUtility.h */; settings = {ATTRIBUTES = (Public, ); }; };
		61D1E9541F04587E0038AE3D /* MSRender.h in Headers */ = {isa = PBXBuildFile; fileRef = 615AF6A61EB8B3930086897F /* MSRender.h */; settings = {ATTRIBUTES = (Public, ); }; };
		61D1E9551F04587E0038AE3D /* MSWorld.h in Headers */ = {isa = PBXBuildFile; fileRef = 615AF6A91EB8B3930086897F /* MSWorld.h */; settings = {ATTRIBUTES = (Public, ); }; };
		61D1E9561F04587E0038AE3D /* MSPositionedObject.h in Headers */ = {isa = PBXBuildFile; fileRef = 615AF6AD1EB8B3930086897F /* MSPositionedObject.h */; settings = {ATTRIBUTES = (Public, ); }; };
		61D1E9571F04587E0038AE3D /* MSPuppet.h in Headers */ = {isa = PBXBuildFile; fileRef = 615AF6B11EB8B3930086897F /* MSPuppet.h */; settings = {ATTRIBUTES = (Public, ); }; };
		61D1E9581F04587E0038AE3D /* MSLightSource.h in Headers */ = {isa = PBXBuildFile; fileRef = 619A5F531EBA81460017DB89 /* MSLightSource.h */; settings = {ATTRIBUTES = (Public, ); }; };
		61D1E9591F04587E0038AE3D /* MSTransformationManager.h in Headers */ = {isa = PBXBuildFile; fileRef = 615AF6A01EB8B3930086897F /* MSTransformationManager.h */; settings = {ATTRIBUTES = (Public, ); }; };
		61D1E95A1F04587E0038AE3D /* MSPoint.h in Headers */ = {isa = PBXBuildFile; fileRef = 615AF6B71EB8B3930086897F /* MSPoint.h */; settings = {ATTRIBUTES = (Public, ); }; };
		61D1E95B1F04587E0038AE3D /* MSMatrixND.h in Headers */ = {isa = PBXBuildFile; fileRef = 615AF6B51EB8B3930086897F /* MSMatrixND.h */; settings = {ATTRIBUTES = (Public, ); }; };
		61D1E95C1F04587E0038AE3D /* MSVectorND.h in Headers */ = {isa = PBXBuildFile; fileRef = 615AF6BA1EB8B3930086897F /* MSVectorND.h */; settings = {ATTRIBUTES = (Public, ); }; };
		61D1E95E1F04587E0038AE3D /* MSLoaderOBJ.h in Headers */ = {isa = PBXBuildFile; fileRef = 615AF6BF1EB8B3930086897F /* MSLoaderOBJ.h */; settings = {ATTRIBUTES = (Public, ); }; };
		61D1E95F1F04587E0038AE3D /* MSModelManager.h in Headers */ = {isa = PBXBuildFile; fileRef = 615AF6C11EB8B3930086897F /* MSModelManager.h */; settings = {ATTRIBUTES = (Public, ); }; };
		61D1E9601F04587E0038AE3D /* MSLoaderMTL.h in Headers */ = {isa = PBXBuildFile; fileRef = 615EE8BA1EFAF1A8009537F9 /* MSLoaderMTL.h */; settings = {ATTRIBUTES = (Public, ); }; };
		61D1E9791F0530AE0038AE3D /* MSVertexData.m in Sources */ = {isa = PBXBuildFile; fileRef = 615AF6A31EB8B3930086897F /* MSVertexData.m */; };
		61D1E97A1F0530AE0038AE3D /* MSModelFace.m in Sources */ = {isa = PBXBuildFile; fileRef = 615AF69D1EB8B3930086897F /* MSModelFace.m */; };
		61D1E97B1F0530AE0038AE3D /* MSModelFraction.m in Sources */ = {isa = PBXBuildFile; fileRef = 615AF69F1EB8B3930086897F /* MSModelFraction.m */; };
		61D1E97C1F0530AE0038AE3D /* MSMaterial.m in Sources */ = {isa = PBXBuildFile; fileRef = 615EE8B51EFAECD9009537F9 /* MSMaterial.m */; };
		61D1E97D1F0530AE0038AE3D /* MSMaterialStore.m in Sources */ = {isa = PBXBuildFile; fileRef = 615EE8C11EFAFAD8009537F9 /* MSMaterialStore.m */; };
		61D1E97E1F0530AE0038AE3D /* MSRenderOpenGL.m in Sources */ = {isa = PBXBuildFile; fileRef = 61D1E92B1F0448F40038AE3D /* MSRenderOpenGL.m */; };
		61D1E97F1F0530AE0038AE3D /* MSDrawableFraction.m in Sources */ = {isa = PBXBuildFile; fileRef = 61D1E9321F044F6B0038AE3D /* MSDrawableFraction.m */; };
		61D1E9801F0530AE0038AE3D /* MSEngineUtility.m in Sources */ = {isa = PBXBuildFile; fileRef = 615AF6A51EB8B3930086897F /* MSEngineUtility.m */; };
		61D1E9821F0530AE0038AE3D /* MSWorld.m in Sources */ = {isa = PBXBuildFile; fileRef = 615AF6AA1EB8B3930086897F /* MSWorld.m */; };
		61D1E9831F0530AE0038AE3D /* MSPuppet.m in Sources */ = {isa = PBXBuildFile; fileRef = 615AF6B21EB8B3930086897F /* MSPuppet.m */; };
		61D1E9841F0530AE0038AE3D /* MSLightSource.m in Sources */ = {isa = PBXBuildFile; fileRef = 619A5F541EBA81460017DB89 /* MSLightSource.m */; };
		61D1E9851F0530AE0038AE3D /* MSTransformationManager.m in Sources */ = {isa = PBXBuildFile; fileRef = 615AF6A11EB8B3930086897F /* MSTransformationManager.m */; };
		61D1E9861F0530AE0038AE3D /* MSPoint.m in Sources */ = {isa = PBXBuildFile; fileRef = 615AF6B81EB8B3930086897F /* MSPoint.m */; };
		61D1E9871F0530AE0038AE3D /* MSMatrixND.m in Sources */ = {isa = PBXBuildFile; fileRef = 615AF6B61EB8B3930086897F /* MSMatrixND.m */; };
		61D1E9881F0530AE0038AE3D /* MSVectorND.m in Sources */ = {isa = PBXBuildFile; fileRef = 615AF6BB1EB8B3930086897F /* MSVectorND.m */; };
		61D1E9891F0530AE0038AE3D /* MSLoaderOBJ.m in Sources */ = {isa = PBXBuildFile; fileRef = 615AF6C01EB8B3930086897F /* MSLoaderOBJ.m */; };
		61D1E98A1F0530AE0038AE3D /* MSLoaderMTL.m in Sources */ = {isa = PBXBuildFile; fileRef = 615EE8BB1EFAF1A8009537F9 /* MSLoaderMTL.m */; };
		61D1E98D1F0530C40038AE3D /* MSVertexData.h in Headers */ = {isa = PBXBuildFile; fileRef = 615AF6A21EB8B3930086897F /* MSVertexData.h */; settings = {ATTRIBUTES = (Public, ); }; };
		61D1E98E1F0530C40038AE3D /* MSModelFace.h in Headers */ = {isa = PBXBuildFile; fileRef = 615AF69C1EB8B3930086897F /* MSModelFace.h */; settings = {ATTRIBUTES = (Public, ); }; };
		61D1E98F1F0530C40038AE3D /* MSModelFraction.h in Headers */ = {isa = PBXBuildFile; fileRef = 615AF69E1EB8B3930086897F /* MSModelFraction.h */; settings = {ATTRIBUTES = (Public, ); }; };
		61D1E9901F0530C40038AE3D /* MSMaterial.h in Headers */ = {isa = PBXBuildFile; fileRef = 615EE8B41EFAECD9009537F9 /* MSMaterial.h */; settings = {ATTRIBUTES = (Public, ); }; };
		61D1E9911F0530C40038AE3D /* MSMaterialStore.h in Headers */ = {isa = PBXBuildFile; fileRef = 615EE8C01EFAFAD8009537F9 /* MSMaterialStore.h */; settings = {ATTRIBUTES = (Public, ); }; };
		61D1E9921F0530C40038AE3D /* MSRenderOpenGL.h in Headers */ = {isa = PBXBuildFile; fileRef = 61D1E92A1F0448F40038AE3D /* MSRenderOpenGL.h */; settings = {ATTRIBUTES = (Public, ); }; };
		61D1E9931F0530C40038AE3D /* MSDrawableFraction.h in Headers */ = {isa = PBXBuildFile; fileRef = 61D1E9311F044F6B0038AE3D /* MSDrawableFraction.h */; settings = {ATTRIBUTES = (Public, ); }; };
		61D1E9941F0530C40038AE3D /* MSEngineUtility.h in Headers */ = {isa = PBXBuildFile; fileRef = 615AF6A41EB8B3930086897F /* MSEngineUtility.h */; settings = {ATTRIBUTES = (Public, ); }; };
		61D1E9951F0530C40038AE3D /* MSRender.h in Headers */ = {isa = PBXBuildFile; fileRef = 615AF6A61EB8B3930086897F /* MSRender.h */; settings = {ATTRIBUTES = (Public, ); }; };
		61D1E9961F0530C40038AE3D /* MSWorld.h in Headers */ = {isa = PBXBuildFile; fileRef = 615AF6A91EB8B3930086897F /* MSWorld.h */; settings = {ATTRIBUTES = (Public, ); }; };
		61D1E9971F0530C40038AE3D /* MSPositionedObject.h in Headers */ = {isa = PBXBuildFile; fileRef = 615AF6AD1EB8B3930086897F /* MSPositionedObject.h */; settings = {ATTRIBUTES = (Public, ); }; };
		61D1E9981F0530C40038AE3D /* MSPuppet.h in Headers */ = {isa = PBXBuildFile; fileRef = 615AF6B11EB8B3930086897F /* MSPuppet.h */; settings = {ATTRIBUTES = (Public, ); }; };
		61D1E9991F0530C40038AE3D /* MSLightSource.h in Headers */ = {isa = PBXBuildFile; fileRef = 619A5F531EBA81460017DB89 /* MSLightSource.h */; settings = {ATTRIBUTES = (Public, ); }; };
		61D1E99A1F0530C40038AE3D /* MSTransformationManager.h in Headers */ = {isa = PBXBuildFile; fileRef = 615AF6A01EB8B3930086897F /* MSTransformationManager.h */; settings = {ATTRIBUTES = (Public, ); }; };
		61D1E99B1F0530C40038AE3D /* MSPoint.h in Headers */ = {isa = PBXBuildFile; fileRef = 615AF6B71EB8B3930086897F /* MSPoint.h */; settings = {ATTRIBUTES = (Public, ); }; };
		61D1E99C1F0530C40038AE3D /* MSMatrixND.h in Headers */ = {isa = PBXBuildFile; fileRef = 615AF6B51EB8B3930086897F /* MSMatrixND.h */; settings = {ATTRIBUTES = (Public, ); }; };
		61D1E99D1F0530C40038AE3D /* MSVectorND.h in Headers */ = {isa = PBXBuildFile; fileRef = 615AF6BA1EB8B3930086897F /* MSVectorND.h */; settings = {ATTRIBUTES = (Public, ); }; };
		61D1E99E1F0530C40038AE3D /* MSLoaderOBJ.h in Headers */ = {isa = PBXBuildFile; fileRef = 615AF6BF1EB8B3930086897F /* MSLoaderOBJ.h */; settings = {ATTRIBUTES = (Public, ); }; };
		61D1E99F1F0530C40038AE3D /* MSModelManager.h in Headers */ = {isa = PBXBuildFile; fileRef = 615AF6C11EB8B3930086897F /* MSModelManager.h */; settings = {ATTRIBUTES = (Public, ); }; };
		61D1E9A01F0530C40038AE3D /* MSLoaderMTL.h in Headers */ = {isa = PBXBuildFile; fileRef = 615EE8BA1EFAF1A8009537F9 /* MSLoaderMTL.h */; settings = {ATTRIBUTES = (Public, ); }; };
		61D1E9A11F0530F00038AE3D /* MSVertexData.h in Copy Files */ = {isa = PBXBuildFile; fileRef = 615AF6A21EB8B3930086897F /* MSVertexData.h */; };
		61D1E9A21F0530F00038AE3D /* MSModelFace.h in Copy Files */ = {isa = PBXBuildFile; fileRef = 615AF69C1EB8B3930086897F /* MSModelFace.h */; };
		61D1E9A31F0530F00038AE3D /* MSModelFraction.h in Copy Files */ = {isa = PBXBuildFile; fileRef = 615AF69E1EB8B3930086897F /* MSModelFraction.h */; };
		61D1E9A41F0530F00038AE3D /* MSMaterial.h in Copy Files */ = {isa = PBXBuildFile; fileRef = 615EE8B41EFAECD9009537F9 /* MSMaterial.h */; };
		61D1E9A51F0530F00038AE3D /* MSMaterialStore.h in Copy Files */ = {isa = PBXBuildFile; fileRef = 615EE8C01EFAFAD8009537F9 /* MSMaterialStore.h */; };
		61D1E9A61F0530F00038AE3D /* MSRenderOpenGL.h in Copy Files */ = {isa = PBXBuildFile; fileRef = 61D1E92A1F0448F40038AE3D /* MSRenderOpenGL.h */; };
		61D1E9A71F0530F00038AE3D /* MSDrawableFraction.h in Copy Files */ = {isa = PBXBuildFile; fileRef = 61D1E9311F044F6B0038AE3D /* MSDrawableFraction.h */; };
		61D1E9A81F0530F00038AE3D /* MSEngineUtility.h in Copy Files */ = {isa = PBXBuildFile; fileRef = 615AF6A41EB8B3930086897F /* MSEngineUtility.h */; };
		61D1E9A91F0530F00038AE3D /* MSRender.h in Copy Files */ = {isa = PBXBuildFile; fileRef = 615AF6A61EB8B3930086897F /* MSRender.h */; };
		61D1E9AA1F0530F00038AE3D /* MSWorld.h in Copy Files */ = {isa = PBXBuildFile; fileRef = 615AF6A91EB8B3930086897F /* MSWorld.h */; };
		61D1E9AB1F0530F00038AE3D /* MSPositionedObject.h in Copy Files */ = {isa = PBXBuildFile; fileRef = 615AF6AD1EB8B3930086897F /* MSPositionedObject.h */; };
		61D1E9AC1F0530F00038AE3D /* MSPuppet.h in Copy Files */ = {isa = PBXBuildFile; fileRef = 615AF6B11EB8B3930086897F /* MSPuppet.h */; };
		61D1E9AD1F0530F00038AE3D /* MSLightSource.h in Copy Files */ = {isa = PBXBuildFile; fileRef = 619A5F531EBA81460017DB89 /* MSLightSource.h */; };
		61D1E9AE1F0530F00038AE3D /* MSTransformationManager.h in Copy Files */ = {isa = PBXBuildFile; fileRef = 615AF6A01EB8B3930086897F /* MSTransformationManager.h */; };
		61D1E9AF1F0530F00038AE3D /* MSPoint.h in Copy Files */ = {isa = PBXBuildFile; fileRef = 615AF6B71EB8B3930086897F /* MSPoint.h */; };
		61D1E9B01F0530F00038AE3D /* MSMatrixND.h in Copy Files */ = {isa = PBXBuildFile; fileRef = 615AF6B51EB8B3930086897F /* MSMatrixND.h */; };
		61D1E9B11F0530F00038AE3D /* MSVectorND.h in Copy Files */ = {isa = PBXBuildFile; fileRef = 615AF6BA1EB8B3930086897F /* MSVectorND.h */; };
		61D1E9B21F0530F00038AE3D /* MSLoaderOBJ.h in Copy Files */ = {isa = PBXBuildFile; fileRef = 615AF6BF1EB8B3930086897F /* MSLoaderOBJ.h */; };
		61D1E9B31F0530F10038AE3D /* MSModelManager.h in Copy Files */ = {isa = PBXBuildFile; fileRef = 615AF6C11EB8B3930086897F /* MSModelManager.h */; };
		61D1E9B41F0530F10038AE3D /* MSLoaderMTL.h in Copy Files */ = {isa = PBXBuildFile; fileRef = 615EE8BA1EFAF1A8009537F9 /* MSLoaderMTL.h */; };
		61D1E9B81F0531910038AE3D /* XCTest.framework in Frameworks */ = {isa = PBXBuildFile; fileRef = 617DE2871EE9734400189A63 /* XCTest.framework */; };
		61D9B1E81F05B9E20063DD04 /* GraphicsConstants.h in Copy Files */ = {isa = PBXBuildFile; fileRef = 61D9B1E61F05B9800063DD04 /* GraphicsConstants.h */; };
		61D9B1EB1F05BDDB0063DD04 /* MSCamera.h in Headers */ = {isa = PBXBuildFile; fileRef = 61D9B1E91F05BDDB0063DD04 /* MSCamera.h */; };
		61D9B1EC1F05BDDB0063DD04 /* MSCamera.h in Headers */ = {isa = PBXBuildFile; fileRef = 61D9B1E91F05BDDB0063DD04 /* MSCamera.h */; };
		61D9B1ED1F05BDDB0063DD04 /* MSCamera.m in Sources */ = {isa = PBXBuildFile; fileRef = 61D9B1EA1F05BDDB0063DD04 /* MSCamera.m */; };
		61D9B1EE1F05BDDB0063DD04 /* MSCamera.m in Sources */ = {isa = PBXBuildFile; fileRef = 61D9B1EA1F05BDDB0063DD04 /* MSCamera.m */; };
		61D9B1EF1F05C2650063DD04 /* MSCamera.h in Copy Files */ = {isa = PBXBuildFile; fileRef = 61D9B1E91F05BDDB0063DD04 /* MSCamera.h */; };
		61DF1EDC1ED66B33008333A8 /* OpenGLES.framework in Frameworks */ = {isa = PBXBuildFile; fileRef = 61314EED1ED64B70001A3519 /* OpenGLES.framework */; };
		61DF1F281ED66BB2008333A8 /* OpenGL.framework in Frameworks */ = {isa = PBXBuildFile; fileRef = 6122CA241EAA4EBE0002F881 /* OpenGL.framework */; };
/* End PBXBuildFile section */

/* Begin PBXContainerItemProxy section */
		617DE2951EE973C100189A63 /* PBXContainerItemProxy */ = {
			isa = PBXContainerItemProxy;
			containerPortal = 6122CA141EAA4EB40002F881 /* Project object */;
			proxyType = 1;
			remoteGlobalIDString = 61DF1EF01ED66B80008333A8;
			remoteInfo = macOS;
		};
		617DE2A41EE973F000189A63 /* PBXContainerItemProxy */ = {
			isa = PBXContainerItemProxy;
			containerPortal = 6122CA141EAA4EB40002F881 /* Project object */;
			proxyType = 1;
			remoteGlobalIDString = 61DF1ED21ED66B1C008333A8;
			remoteInfo = iOS;
		};
/* End PBXContainerItemProxy section */

/* Begin PBXCopyFilesBuildPhase section */
		61CE7BF91EFB066000B9C425 /* Copy Files */ = {
			isa = PBXCopyFilesBuildPhase;
			buildActionMask = 2147483647;
			dstPath = /usr/local/include;
			dstSubfolderSpec = 0;
			files = (
				61D9B1EF1F05C2650063DD04 /* MSCamera.h in Copy Files */,
				61D9B1E81F05B9E20063DD04 /* GraphicsConstants.h in Copy Files */,
				61D1E9A11F0530F00038AE3D /* MSVertexData.h in Copy Files */,
				61D1E9A21F0530F00038AE3D /* MSModelFace.h in Copy Files */,
				61D1E9A31F0530F00038AE3D /* MSModelFraction.h in Copy Files */,
				61D1E9A41F0530F00038AE3D /* MSMaterial.h in Copy Files */,
				61D1E9A51F0530F00038AE3D /* MSMaterialStore.h in Copy Files */,
				61D1E9A61F0530F00038AE3D /* MSRenderOpenGL.h in Copy Files */,
				61D1E9A71F0530F00038AE3D /* MSDrawableFraction.h in Copy Files */,
				61D1E9A81F0530F00038AE3D /* MSEngineUtility.h in Copy Files */,
				61D1E9A91F0530F00038AE3D /* MSRender.h in Copy Files */,
				61D1E9AA1F0530F00038AE3D /* MSWorld.h in Copy Files */,
				61D1E9AB1F0530F00038AE3D /* MSPositionedObject.h in Copy Files */,
				61D1E9AC1F0530F00038AE3D /* MSPuppet.h in Copy Files */,
				61D1E9AD1F0530F00038AE3D /* MSLightSource.h in Copy Files */,
				61D1E9AE1F0530F00038AE3D /* MSTransformationManager.h in Copy Files */,
				61D1E9AF1F0530F00038AE3D /* MSPoint.h in Copy Files */,
				61D1E9B01F0530F00038AE3D /* MSMatrixND.h in Copy Files */,
				61D1E9B11F0530F00038AE3D /* MSVectorND.h in Copy Files */,
				61D1E9B21F0530F00038AE3D /* MSLoaderOBJ.h in Copy Files */,
				61D1E9B31F0530F10038AE3D /* MSModelManager.h in Copy Files */,
				61D1E9B41F0530F10038AE3D /* MSLoaderMTL.h in Copy Files */,
			);
			name = "Copy Files";
			runOnlyForDeploymentPostprocessing = 0;
		};
/* End PBXCopyFilesBuildPhase section */

/* Begin PBXFileReference section */
		611E214F1EBA7FF8000BCDD8 /* LightShader.fsh */ = {isa = PBXFileReference; fileEncoding = 4; lastKnownFileType = sourcecode.glsl; path = LightShader.fsh; sourceTree = "<group>"; };
		6122CA241EAA4EBE0002F881 /* OpenGL.framework */ = {isa = PBXFileReference; lastKnownFileType = wrapper.framework; name = OpenGL.framework; path = System/Library/Frameworks/OpenGL.framework; sourceTree = SDKROOT; };
		61314EDC1ED64802001A3519 /* GLKit.framework */ = {isa = PBXFileReference; lastKnownFileType = wrapper.framework; name = GLKit.framework; path = System/Library/Frameworks/GLKit.framework; sourceTree = SDKROOT; };
		61314EED1ED64B70001A3519 /* OpenGLES.framework */ = {isa = PBXFileReference; lastKnownFileType = wrapper.framework; name = OpenGLES.framework; path = Platforms/iPhoneOS.platform/Developer/SDKs/iPhoneOS10.3.sdk/System/Library/Frameworks/OpenGLES.framework; sourceTree = DEVELOPER_DIR; };
		615AF69C1EB8B3930086897F /* MSModelFace.h */ = {isa = PBXFileReference; fileEncoding = 4; lastKnownFileType = sourcecode.c.h; path = MSModelFace.h; sourceTree = "<group>"; };
		615AF69D1EB8B3930086897F /* MSModelFace.m */ = {isa = PBXFileReference; fileEncoding = 4; lastKnownFileType = sourcecode.c.objc; path = MSModelFace.m; sourceTree = "<group>"; };
		615AF69E1EB8B3930086897F /* MSModelFraction.h */ = {isa = PBXFileReference; fileEncoding = 4; lastKnownFileType = sourcecode.c.h; path = MSModelFraction.h; sourceTree = "<group>"; };
		615AF69F1EB8B3930086897F /* MSModelFraction.m */ = {isa = PBXFileReference; fileEncoding = 4; lastKnownFileType = sourcecode.c.objc; path = MSModelFraction.m; sourceTree = "<group>"; };
		615AF6A01EB8B3930086897F /* MSTransformationManager.h */ = {isa = PBXFileReference; fileEncoding = 4; lastKnownFileType = sourcecode.c.h; name = MSTransformationManager.h; path = ../CoreEngine/Render/Models/Underlyings/MSTransformationManager.h; sourceTree = "<group>"; };
		615AF6A11EB8B3930086897F /* MSTransformationManager.m */ = {isa = PBXFileReference; fileEncoding = 4; lastKnownFileType = sourcecode.c.objc; name = MSTransformationManager.m; path = ../CoreEngine/Render/Models/Underlyings/MSTransformationManager.m; sourceTree = "<group>"; };
		615AF6A21EB8B3930086897F /* MSVertexData.h */ = {isa = PBXFileReference; fileEncoding = 4; lastKnownFileType = sourcecode.c.h; path = MSVertexData.h; sourceTree = "<group>"; };
		615AF6A31EB8B3930086897F /* MSVertexData.m */ = {isa = PBXFileReference; fileEncoding = 4; lastKnownFileType = sourcecode.c.objc; path = MSVertexData.m; sourceTree = "<group>"; };
		615AF6A41EB8B3930086897F /* MSEngineUtility.h */ = {isa = PBXFileReference; fileEncoding = 4; lastKnownFileType = sourcecode.c.h; path = MSEngineUtility.h; sourceTree = "<group>"; };
		615AF6A51EB8B3930086897F /* MSEngineUtility.m */ = {isa = PBXFileReference; fileEncoding = 4; lastKnownFileType = sourcecode.c.objc; path = MSEngineUtility.m; sourceTree = "<group>"; };
		615AF6A61EB8B3930086897F /* MSRender.h */ = {isa = PBXFileReference; fileEncoding = 4; lastKnownFileType = sourcecode.c.h; path = MSRender.h; sourceTree = "<group>"; };
		615AF6A91EB8B3930086897F /* MSWorld.h */ = {isa = PBXFileReference; fileEncoding = 4; lastKnownFileType = sourcecode.c.h; path = MSWorld.h; sourceTree = "<group>"; };
		615AF6AA1EB8B3930086897F /* MSWorld.m */ = {isa = PBXFileReference; fileEncoding = 4; lastKnownFileType = sourcecode.c.objc; path = MSWorld.m; sourceTree = "<group>"; };
		615AF6AD1EB8B3930086897F /* MSPositionedObject.h */ = {isa = PBXFileReference; fileEncoding = 4; lastKnownFileType = sourcecode.c.h; path = MSPositionedObject.h; sourceTree = "<group>"; };
		615AF6B11EB8B3930086897F /* MSPuppet.h */ = {isa = PBXFileReference; fileEncoding = 4; lastKnownFileType = sourcecode.c.h; path = MSPuppet.h; sourceTree = "<group>"; };
		615AF6B21EB8B3930086897F /* MSPuppet.m */ = {isa = PBXFileReference; fileEncoding = 4; lastKnownFileType = sourcecode.c.objc; path = MSPuppet.m; sourceTree = "<group>"; };
		615AF6B51EB8B3930086897F /* MSMatrixND.h */ = {isa = PBXFileReference; fileEncoding = 4; lastKnownFileType = sourcecode.c.h; path = MSMatrixND.h; sourceTree = "<group>"; };
		615AF6B61EB8B3930086897F /* MSMatrixND.m */ = {isa = PBXFileReference; fileEncoding = 4; lastKnownFileType = sourcecode.c.objc; path = MSMatrixND.m; sourceTree = "<group>"; };
		615AF6B71EB8B3930086897F /* MSPoint.h */ = {isa = PBXFileReference; fileEncoding = 4; lastKnownFileType = sourcecode.c.h; path = MSPoint.h; sourceTree = "<group>"; };
		615AF6B81EB8B3930086897F /* MSPoint.m */ = {isa = PBXFileReference; fileEncoding = 4; lastKnownFileType = sourcecode.c.objc; path = MSPoint.m; sourceTree = "<group>"; };
		615AF6BA1EB8B3930086897F /* MSVectorND.h */ = {isa = PBXFileReference; fileEncoding = 4; lastKnownFileType = sourcecode.c.h; path = MSVectorND.h; sourceTree = "<group>"; };
		615AF6BB1EB8B3930086897F /* MSVectorND.m */ = {isa = PBXFileReference; fileEncoding = 4; lastKnownFileType = sourcecode.c.objc; path = MSVectorND.m; sourceTree = "<group>"; };
		615AF6BF1EB8B3930086897F /* MSLoaderOBJ.h */ = {isa = PBXFileReference; fileEncoding = 4; lastKnownFileType = sourcecode.c.h; path = MSLoaderOBJ.h; sourceTree = "<group>"; };
		615AF6C01EB8B3930086897F /* MSLoaderOBJ.m */ = {isa = PBXFileReference; fileEncoding = 4; lastKnownFileType = sourcecode.c.objc; path = MSLoaderOBJ.m; sourceTree = "<group>"; };
		615AF6C11EB8B3930086897F /* MSModelManager.h */ = {isa = PBXFileReference; fileEncoding = 4; lastKnownFileType = sourcecode.c.h; path = MSModelManager.h; sourceTree = "<group>"; };
		615AF6E21EB8B3AF0086897F /* FShader.fsh */ = {isa = PBXFileReference; fileEncoding = 4; lastKnownFileType = sourcecode.glsl; path = FShader.fsh; sourceTree = "<group>"; };
		615AF6E31EB8B3AF0086897F /* VShader.vsh */ = {isa = PBXFileReference; fileEncoding = 4; lastKnownFileType = sourcecode.glsl; path = VShader.vsh; sourceTree = "<group>"; };
		615EE8B41EFAECD9009537F9 /* MSMaterial.h */ = {isa = PBXFileReference; fileEncoding = 4; lastKnownFileType = sourcecode.c.h; path = MSMaterial.h; sourceTree = "<group>"; };
		615EE8B51EFAECD9009537F9 /* MSMaterial.m */ = {isa = PBXFileReference; fileEncoding = 4; lastKnownFileType = sourcecode.c.objc; path = MSMaterial.m; sourceTree = "<group>"; };
		615EE8BA1EFAF1A8009537F9 /* MSLoaderMTL.h */ = {isa = PBXFileReference; fileEncoding = 4; lastKnownFileType = sourcecode.c.h; path = MSLoaderMTL.h; sourceTree = "<group>"; };
		615EE8BB1EFAF1A8009537F9 /* MSLoaderMTL.m */ = {isa = PBXFileReference; fileEncoding = 4; lastKnownFileType = sourcecode.c.objc; path = MSLoaderMTL.m; sourceTree = "<group>"; };
		615EE8C01EFAFAD8009537F9 /* MSMaterialStore.h */ = {isa = PBXFileReference; fileEncoding = 4; lastKnownFileType = sourcecode.c.h; path = MSMaterialStore.h; sourceTree = "<group>"; };
		615EE8C11EFAFAD8009537F9 /* MSMaterialStore.m */ = {isa = PBXFileReference; fileEncoding = 4; lastKnownFileType = sourcecode.c.objc; path = MSMaterialStore.m; sourceTree = "<group>"; };
		617DE2871EE9734400189A63 /* XCTest.framework */ = {isa = PBXFileReference; lastKnownFileType = wrapper.framework; name = XCTest.framework; path = Platforms/iPhoneOS.platform/Developer/Library/Frameworks/XCTest.framework; sourceTree = DEVELOPER_DIR; };
		617DE2891EE9734900189A63 /* XCTest.framework */ = {isa = PBXFileReference; lastKnownFileType = wrapper.framework; name = XCTest.framework; path = Platforms/MacOSX.platform/Developer/Library/Frameworks/XCTest.framework; sourceTree = DEVELOPER_DIR; };
		617DE28F1EE973C100189A63 /* macOSTests.xctest */ = {isa = PBXFileReference; explicitFileType = wrapper.cfbundle; includeInIndex = 0; path = macOSTests.xctest; sourceTree = BUILT_PRODUCTS_DIR; };
		617DE2911EE973C100189A63 /* macOSTests.m */ = {isa = PBXFileReference; lastKnownFileType = sourcecode.c.objc; path = macOSTests.m; sourceTree = "<group>"; };
		617DE2931EE973C100189A63 /* Info.plist */ = {isa = PBXFileReference; lastKnownFileType = text.plist.xml; path = Info.plist; sourceTree = "<group>"; };
		617DE29E1EE973F000189A63 /* iOSTests.xctest */ = {isa = PBXFileReference; explicitFileType = wrapper.cfbundle; includeInIndex = 0; path = iOSTests.xctest; sourceTree = BUILT_PRODUCTS_DIR; };
		617DE2A01EE973F000189A63 /* iOSTests.m */ = {isa = PBXFileReference; lastKnownFileType = sourcecode.c.objc; path = iOSTests.m; sourceTree = "<group>"; };
		617DE2A21EE973F000189A63 /* Info.plist */ = {isa = PBXFileReference; lastKnownFileType = text.plist.xml; path = Info.plist; sourceTree = "<group>"; };
		619A5F531EBA81460017DB89 /* MSLightSource.h */ = {isa = PBXFileReference; fileEncoding = 4; lastKnownFileType = sourcecode.c.h; path = MSLightSource.h; sourceTree = "<group>"; };
		619A5F541EBA81460017DB89 /* MSLightSource.m */ = {isa = PBXFileReference; fileEncoding = 4; lastKnownFileType = sourcecode.c.objc; path = MSLightSource.m; sourceTree = "<group>"; };
		61BCA3BD1EFDC850004FA86D /* ios_shaders_header */ = {isa = PBXFileReference; fileEncoding = 4; lastKnownFileType = text; path = ios_shaders_header; sourceTree = "<group>"; };
		61BCA3BE1EFDC866004FA86D /* mac_shaders_header */ = {isa = PBXFileReference; fileEncoding = 4; lastKnownFileType = text; path = mac_shaders_header; sourceTree = "<group>"; };
		61D1E92A1F0448F40038AE3D /* MSRenderOpenGL.h */ = {isa = PBXFileReference; fileEncoding = 4; lastKnownFileType = sourcecode.c.h; path = MSRenderOpenGL.h; sourceTree = "<group>"; };
		61D1E92B1F0448F40038AE3D /* MSRenderOpenGL.m */ = {isa = PBXFileReference; fileEncoding = 4; lastKnownFileType = sourcecode.c.objc; path = MSRenderOpenGL.m; sourceTree = "<group>"; };
		61D1E9311F044F6B0038AE3D /* MSDrawableFraction.h */ = {isa = PBXFileReference; fileEncoding = 4; lastKnownFileType = sourcecode.c.h; name = MSDrawableFraction.h; path = OpenGL/MSDrawableFraction.h; sourceTree = "<group>"; };
		61D1E9321F044F6B0038AE3D /* MSDrawableFraction.m */ = {isa = PBXFileReference; fileEncoding = 4; lastKnownFileType = sourcecode.c.objc; name = MSDrawableFraction.m; path = OpenGL/MSDrawableFraction.m; sourceTree = "<group>"; };
		61D9B1E61F05B9800063DD04 /* GraphicsConstants.h */ = {isa = PBXFileReference; fileEncoding = 4; lastKnownFileType = sourcecode.c.h; path = GraphicsConstants.h; sourceTree = "<group>"; };
		61D9B1E91F05BDDB0063DD04 /* MSCamera.h */ = {isa = PBXFileReference; fileEncoding = 4; lastKnownFileType = sourcecode.c.h; path = MSCamera.h; sourceTree = "<group>"; };
		61D9B1EA1F05BDDB0063DD04 /* MSCamera.m */ = {isa = PBXFileReference; fileEncoding = 4; lastKnownFileType = sourcecode.c.objc; path = MSCamera.m; sourceTree = "<group>"; };
		61DF1ED31ED66B1C008333A8 /* libiOS.a */ = {isa = PBXFileReference; explicitFileType = archive.ar; includeInIndex = 0; path = libiOS.a; sourceTree = BUILT_PRODUCTS_DIR; };
		61DF1EF11ED66B80008333A8 /* libmacOS.a */ = {isa = PBXFileReference; explicitFileType = archive.ar; includeInIndex = 0; path = libmacOS.a; sourceTree = BUILT_PRODUCTS_DIR; };
/* End PBXFileReference section */

/* Begin PBXFrameworksBuildPhase section */
		617DE28C1EE973C100189A63 /* Frameworks */ = {
			isa = PBXFrameworksBuildPhase;
			buildActionMask = 2147483647;
			files = (
				617DE2941EE973C100189A63 /* libmacOS.a in Frameworks */,
			);
			runOnlyForDeploymentPostprocessing = 0;
		};
		617DE29B1EE973F000189A63 /* Frameworks */ = {
			isa = PBXFrameworksBuildPhase;
			buildActionMask = 2147483647;
			files = (
				617DE2A31EE973F000189A63 /* libiOS.a in Frameworks */,
			);
			runOnlyForDeploymentPostprocessing = 0;
		};
		61DF1ED01ED66B1C008333A8 /* Frameworks */ = {
			isa = PBXFrameworksBuildPhase;
			buildActionMask = 2147483647;
			files = (
				61D1E9B81F0531910038AE3D /* XCTest.framework in Frameworks */,
				61DF1EDC1ED66B33008333A8 /* OpenGLES.framework in Frameworks */,
			);
			runOnlyForDeploymentPostprocessing = 0;
		};
		61DF1EEE1ED66B80008333A8 /* Frameworks */ = {
			isa = PBXFrameworksBuildPhase;
			buildActionMask = 2147483647;
			files = (
				617DE28A1EE9734900189A63 /* XCTest.framework in Frameworks */,
				61DF1F281ED66BB2008333A8 /* OpenGL.framework in Frameworks */,
			);
			runOnlyForDeploymentPostprocessing = 0;
		};
/* End PBXFrameworksBuildPhase section */

/* Begin PBXGroup section */
		6122CA131EAA4EB40002F881 = {
			isa = PBXGroup;
			children = (
				615AF6E11EB8B3AF0086897F /* Shaders */,
				615AF6971EB8B3930086897F /* sourceFiles */,
				617DE2901EE973C100189A63 /* macOSTests */,
				617DE29F1EE973F000189A63 /* iOSTests */,
				6122CA1D1EAA4EB40002F881 /* Products */,
				6122CA231EAA4EBE0002F881 /* Frameworks */,
			);
			sourceTree = "<group>";
		};
		6122CA1D1EAA4EB40002F881 /* Products */ = {
			isa = PBXGroup;
			children = (
				61DF1ED31ED66B1C008333A8 /* libiOS.a */,
				61DF1EF11ED66B80008333A8 /* libmacOS.a */,
				617DE28F1EE973C100189A63 /* macOSTests.xctest */,
				617DE29E1EE973F000189A63 /* iOSTests.xctest */,
			);
			name = Products;
			sourceTree = "<group>";
		};
		6122CA231EAA4EBE0002F881 /* Frameworks */ = {
			isa = PBXGroup;
			children = (
				617DE2891EE9734900189A63 /* XCTest.framework */,
				617DE2871EE9734400189A63 /* XCTest.framework */,
				61314EED1ED64B70001A3519 /* OpenGLES.framework */,
				61314EDC1ED64802001A3519 /* GLKit.framework */,
				6122CA241EAA4EBE0002F881 /* OpenGL.framework */,
			);
			name = Frameworks;
			sourceTree = "<group>";
		};
		615AF6971EB8B3930086897F /* sourceFiles */ = {
			isa = PBXGroup;
			children = (
				615AF6981EB8B3930086897F /* CoreEngine */,
				615AF6B31EB8B3930086897F /* Math */,
				615AF6BE1EB8B3930086897F /* Utilities */,
			);
			path = sourceFiles;
			sourceTree = "<group>";
		};
		615AF6981EB8B3930086897F /* CoreEngine */ = {
			isa = PBXGroup;
			children = (
				615AF69A1EB8B3930086897F /* Models */,
				615AF6991EB8B3930086897F /* Render */,
				615AF6A81EB8B3930086897F /* World */,
			);
			path = CoreEngine;
			sourceTree = "<group>";
		};
		615AF6991EB8B3930086897F /* Render */ = {
			isa = PBXGroup;
			children = (
				61D1E9291F0448D20038AE3D /* OpenGL */,
				615AF6A41EB8B3930086897F /* MSEngineUtility.h */,
				615AF6A51EB8B3930086897F /* MSEngineUtility.m */,
				615AF6A61EB8B3930086897F /* MSRender.h */,
			);
			path = Render;
			sourceTree = "<group>";
		};
		615AF69A1EB8B3930086897F /* Models */ = {
			isa = PBXGroup;
			children = (
				615AF69B1EB8B3930086897F /* Underlyings */,
				615EE8B41EFAECD9009537F9 /* MSMaterial.h */,
				615EE8B51EFAECD9009537F9 /* MSMaterial.m */,
				615EE8C01EFAFAD8009537F9 /* MSMaterialStore.h */,
				615EE8C11EFAFAD8009537F9 /* MSMaterialStore.m */,
			);
			name = Models;
			path = Render/Models;
			sourceTree = "<group>";
		};
		615AF69B1EB8B3930086897F /* Underlyings */ = {
			isa = PBXGroup;
			children = (
				61D1E9271F0443590038AE3D /* Face */,
				615AF69E1EB8B3930086897F /* MSModelFraction.h */,
				615AF69F1EB8B3930086897F /* MSModelFraction.m */,
			);
			path = Underlyings;
			sourceTree = "<group>";
		};
		615AF6A81EB8B3930086897F /* World */ = {
			isa = PBXGroup;
			children = (
				615AF6A91EB8B3930086897F /* MSWorld.h */,
				615AF6AA1EB8B3930086897F /* MSWorld.m */,
				615AF6AB1EB8B3930086897F /* PositionedObject */,
			);
			path = World;
			sourceTree = "<group>";
		};
		615AF6AB1EB8B3930086897F /* PositionedObject */ = {
			isa = PBXGroup;
			children = (
				615AF6AC1EB8B3930086897F /* general */,
				615AF6B11EB8B3930086897F /* MSPuppet.h */,
				615AF6B21EB8B3930086897F /* MSPuppet.m */,
				619A5F531EBA81460017DB89 /* MSLightSource.h */,
				619A5F541EBA81460017DB89 /* MSLightSource.m */,
				61D9B1E91F05BDDB0063DD04 /* MSCamera.h */,
				61D9B1EA1F05BDDB0063DD04 /* MSCamera.m */,
			);
			path = PositionedObject;
			sourceTree = "<group>";
		};
		615AF6AC1EB8B3930086897F /* general */ = {
			isa = PBXGroup;
			children = (
				615AF6AD1EB8B3930086897F /* MSPositionedObject.h */,
			);
			path = general;
			sourceTree = "<group>";
		};
		615AF6B31EB8B3930086897F /* Math */ = {
			isa = PBXGroup;
			children = (
				615AF6A01EB8B3930086897F /* MSTransformationManager.h */,
				615AF6A11EB8B3930086897F /* MSTransformationManager.m */,
				61EEE5DD1EB8BC2800468123 /* point */,
				615AF6B41EB8B3930086897F /* matrices */,
				615AF6B91EB8B3930086897F /* vectors */,
			);
			path = Math;
			sourceTree = "<group>";
		};
		615AF6B41EB8B3930086897F /* matrices */ = {
			isa = PBXGroup;
			children = (
				615AF6B51EB8B3930086897F /* MSMatrixND.h */,
				615AF6B61EB8B3930086897F /* MSMatrixND.m */,
			);
			path = matrices;
			sourceTree = "<group>";
		};
		615AF6B91EB8B3930086897F /* vectors */ = {
			isa = PBXGroup;
			children = (
				615AF6BA1EB8B3930086897F /* MSVectorND.h */,
				615AF6BB1EB8B3930086897F /* MSVectorND.m */,
			);
			path = vectors;
			sourceTree = "<group>";
		};
		615AF6BE1EB8B3930086897F /* Utilities */ = {
			isa = PBXGroup;
			children = (
				615AF6BF1EB8B3930086897F /* MSLoaderOBJ.h */,
				615AF6C01EB8B3930086897F /* MSLoaderOBJ.m */,
				615AF6C11EB8B3930086897F /* MSModelManager.h */,
				615EE8BA1EFAF1A8009537F9 /* MSLoaderMTL.h */,
				615EE8BB1EFAF1A8009537F9 /* MSLoaderMTL.m */,
			);
			path = Utilities;
			sourceTree = "<group>";
		};
		615AF6E11EB8B3AF0086897F /* Shaders */ = {
			isa = PBXGroup;
			children = (
				615AF6E21EB8B3AF0086897F /* FShader.fsh */,
				615AF6E31EB8B3AF0086897F /* VShader.vsh */,
				611E214F1EBA7FF8000BCDD8 /* LightShader.fsh */,
				61BCA3BD1EFDC850004FA86D /* ios_shaders_header */,
				61BCA3BE1EFDC866004FA86D /* mac_shaders_header */,
				61D9B1E61F05B9800063DD04 /* GraphicsConstants.h */,
			);
			path = Shaders;
			sourceTree = "<group>";
		};
		617DE2901EE973C100189A63 /* macOSTests */ = {
			isa = PBXGroup;
			children = (
				617DE2911EE973C100189A63 /* macOSTests.m */,
				617DE2931EE973C100189A63 /* Info.plist */,
			);
			path = macOSTests;
			sourceTree = "<group>";
		};
		617DE29F1EE973F000189A63 /* iOSTests */ = {
			isa = PBXGroup;
			children = (
				617DE2A01EE973F000189A63 /* iOSTests.m */,
				617DE2A21EE973F000189A63 /* Info.plist */,
			);
			path = iOSTests;
			sourceTree = "<group>";
		};
		61D1E9261F0443490038AE3D /* Vertex */ = {
			isa = PBXGroup;
			children = (
				615AF6A21EB8B3930086897F /* MSVertexData.h */,
				615AF6A31EB8B3930086897F /* MSVertexData.m */,
			);
			name = Vertex;
			sourceTree = "<group>";
		};
		61D1E9271F0443590038AE3D /* Face */ = {
			isa = PBXGroup;
			children = (
				61D1E9261F0443490038AE3D /* Vertex */,
				615AF69C1EB8B3930086897F /* MSModelFace.h */,
				615AF69D1EB8B3930086897F /* MSModelFace.m */,
			);
			name = Face;
			sourceTree = "<group>";
		};
		61D1E9291F0448D20038AE3D /* OpenGL */ = {
			isa = PBXGroup;
			children = (
				61D1E92A1F0448F40038AE3D /* MSRenderOpenGL.h */,
				61D1E92B1F0448F40038AE3D /* MSRenderOpenGL.m */,
				61D1E9311F044F6B0038AE3D /* MSDrawableFraction.h */,
				61D1E9321F044F6B0038AE3D /* MSDrawableFraction.m */,
			);
			name = OpenGL;
			sourceTree = "<group>";
		};
		61EEE5DD1EB8BC2800468123 /* point */ = {
			isa = PBXGroup;
			children = (
				615AF6B71EB8B3930086897F /* MSPoint.h */,
				615AF6B81EB8B3930086897F /* MSPoint.m */,
			);
			name = point;
			sourceTree = "<group>";
		};
/* End PBXGroup section */

/* Begin PBXHeadersBuildPhase section */
		61DF1EEF1ED66B80008333A8 /* Headers */ = {
			isa = PBXHeadersBuildPhase;
			buildActionMask = 2147483647;
			files = (
				61D9B1EC1F05BDDB0063DD04 /* MSCamera.h in Headers */,
				61D1E98D1F0530C40038AE3D /* MSVertexData.h in Headers */,
				61D1E98E1F0530C40038AE3D /* MSModelFace.h in Headers */,
				61D1E98F1F0530C40038AE3D /* MSModelFraction.h in Headers */,
				61D1E9901F0530C40038AE3D /* MSMaterial.h in Headers */,
				61D1E9911F0530C40038AE3D /* MSMaterialStore.h in Headers */,
				61D1E9921F0530C40038AE3D /* MSRenderOpenGL.h in Headers */,
				61D1E9931F0530C40038AE3D /* MSDrawableFraction.h in Headers */,
				61D1E9941F0530C40038AE3D /* MSEngineUtility.h in Headers */,
				61D1E9951F0530C40038AE3D /* MSRender.h in Headers */,
				61D1E9961F0530C40038AE3D /* MSWorld.h in Headers */,
				61D1E9971F0530C40038AE3D /* MSPositionedObject.h in Headers */,
				61D1E9981F0530C40038AE3D /* MSPuppet.h in Headers */,
				61D1E9991F0530C40038AE3D /* MSLightSource.h in Headers */,
				61D1E99A1F0530C40038AE3D /* MSTransformationManager.h in Headers */,
				61D1E99B1F0530C40038AE3D /* MSPoint.h in Headers */,
				61D1E99C1F0530C40038AE3D /* MSMatrixND.h in Headers */,
				61D1E99D1F0530C40038AE3D /* MSVectorND.h in Headers */,
				61D1E99E1F0530C40038AE3D /* MSLoaderOBJ.h in Headers */,
				61D1E99F1F0530C40038AE3D /* MSModelManager.h in Headers */,
				61D1E9A01F0530C40038AE3D /* MSLoaderMTL.h in Headers */,
			);
			runOnlyForDeploymentPostprocessing = 0;
		};
		61DF1F161ED66B9F008333A8 /* Headers */ = {
			isa = PBXHeadersBuildPhase;
			buildActionMask = 2147483647;
			files = (
				61D9B1EB1F05BDDB0063DD04 /* MSCamera.h in Headers */,
				61D1E94C1F04587E0038AE3D /* MSVertexData.h in Headers */,
				61D1E94D1F04587E0038AE3D /* MSModelFace.h in Headers */,
				61D1E94E1F04587E0038AE3D /* MSModelFraction.h in Headers */,
				61D1E94F1F04587E0038AE3D /* MSMaterial.h in Headers */,
				61D1E9501F04587E0038AE3D /* MSMaterialStore.h in Headers */,
				61D1E9511F04587E0038AE3D /* MSRenderOpenGL.h in Headers */,
				61D1E9521F04587E0038AE3D /* MSDrawableFraction.h in Headers */,
				61D1E9531F04587E0038AE3D /* MSEngineUtility.h in Headers */,
				61D1E9541F04587E0038AE3D /* MSRender.h in Headers */,
				61D1E9551F04587E0038AE3D /* MSWorld.h in Headers */,
				61D1E9561F04587E0038AE3D /* MSPositionedObject.h in Headers */,
				61D1E9571F04587E0038AE3D /* MSPuppet.h in Headers */,
				61D1E9581F04587E0038AE3D /* MSLightSource.h in Headers */,
				61D1E9591F04587E0038AE3D /* MSTransformationManager.h in Headers */,
				61D1E95A1F04587E0038AE3D /* MSPoint.h in Headers */,
				61D1E95B1F04587E0038AE3D /* MSMatrixND.h in Headers */,
				61D1E95C1F04587E0038AE3D /* MSVectorND.h in Headers */,
				61D1E95E1F04587E0038AE3D /* MSLoaderOBJ.h in Headers */,
				61D1E95F1F04587E0038AE3D /* MSModelManager.h in Headers */,
				61D1E9601F04587E0038AE3D /* MSLoaderMTL.h in Headers */,
			);
			runOnlyForDeploymentPostprocessing = 0;
		};
/* End PBXHeadersBuildPhase section */

/* Begin PBXNativeTarget section */
		617DE28E1EE973C100189A63 /* macOSTests */ = {
			isa = PBXNativeTarget;
			buildConfigurationList = 617DE2971EE973C100189A63 /* Build configuration list for PBXNativeTarget "macOSTests" */;
			buildPhases = (
				617DE28B1EE973C100189A63 /* Sources */,
				617DE28C1EE973C100189A63 /* Frameworks */,
				617DE28D1EE973C100189A63 /* Resources */,
			);
			buildRules = (
			);
			dependencies = (
				617DE2961EE973C100189A63 /* PBXTargetDependency */,
			);
			name = macOSTests;
			productName = macOSTests;
			productReference = 617DE28F1EE973C100189A63 /* macOSTests.xctest */;
			productType = "com.apple.product-type.bundle.unit-test";
		};
		617DE29D1EE973F000189A63 /* iOSTests */ = {
			isa = PBXNativeTarget;
			buildConfigurationList = 617DE2A61EE973F000189A63 /* Build configuration list for PBXNativeTarget "iOSTests" */;
			buildPhases = (
				617DE29A1EE973F000189A63 /* Sources */,
				617DE29B1EE973F000189A63 /* Frameworks */,
				617DE29C1EE973F000189A63 /* Resources */,
			);
			buildRules = (
			);
			dependencies = (
				617DE2A51EE973F000189A63 /* PBXTargetDependency */,
			);
			name = iOSTests;
			productName = iOSTests;
			productReference = 617DE29E1EE973F000189A63 /* iOSTests.xctest */;
			productType = "com.apple.product-type.bundle.unit-test";
		};
		61DF1ED21ED66B1C008333A8 /* iOS */ = {
			isa = PBXNativeTarget;
			buildConfigurationList = 61DF1ED91ED66B1C008333A8 /* Build configuration list for PBXNativeTarget "iOS" */;
			buildPhases = (
				61DF1ECF1ED66B1C008333A8 /* Sources */,
				61DF1ED01ED66B1C008333A8 /* Frameworks */,
				61DF1F161ED66B9F008333A8 /* Headers */,
			);
			buildRules = (
			);
			dependencies = (
			);
			name = iOS;
			productName = iOS;
			productReference = 61DF1ED31ED66B1C008333A8 /* libiOS.a */;
			productType = "com.apple.product-type.library.static";
		};
		61DF1EF01ED66B80008333A8 /* macOS */ = {
			isa = PBXNativeTarget;
			buildConfigurationList = 61DF1EF21ED66B80008333A8 /* Build configuration list for PBXNativeTarget "macOS" */;
			buildPhases = (
				61DF1EED1ED66B80008333A8 /* Sources */,
				61DF1EEE1ED66B80008333A8 /* Frameworks */,
				61DF1EEF1ED66B80008333A8 /* Headers */,
				61CE7BF91EFB066000B9C425 /* Copy Files */,
			);
			buildRules = (
			);
			dependencies = (
			);
			name = macOS;
			productName = macOS;
			productReference = 61DF1EF11ED66B80008333A8 /* libmacOS.a */;
			productType = "com.apple.product-type.library.static";
		};
/* End PBXNativeTarget section */

/* Begin PBXProject section */
		6122CA141EAA4EB40002F881 /* Project object */ = {
			isa = PBXProject;
			attributes = {
				LastUpgradeCheck = 0830;
				ORGANIZATIONNAME = "Mateusz Stompór";
				TargetAttributes = {
					617DE28E1EE973C100189A63 = {
						CreatedOnToolsVersion = 8.3.2;
						DevelopmentTeam = R78NEXF6E2;
						ProvisioningStyle = Automatic;
					};
					617DE29D1EE973F000189A63 = {
						CreatedOnToolsVersion = 8.3.2;
						DevelopmentTeam = R78NEXF6E2;
						ProvisioningStyle = Automatic;
					};
					61DF1ED21ED66B1C008333A8 = {
						CreatedOnToolsVersion = 8.3.2;
						DevelopmentTeam = R78NEXF6E2;
						ProvisioningStyle = Automatic;
					};
					61DF1EF01ED66B80008333A8 = {
						CreatedOnToolsVersion = 8.3.2;
						DevelopmentTeam = R78NEXF6E2;
						ProvisioningStyle = Automatic;
					};
				};
			};
			buildConfigurationList = 6122CA171EAA4EB40002F881 /* Build configuration list for PBXProject "MSGraphicsEngine" */;
			compatibilityVersion = "Xcode 3.2";
			developmentRegion = English;
			hasScannedForEncodings = 0;
			knownRegions = (
				en,
			);
			mainGroup = 6122CA131EAA4EB40002F881;
			productRefGroup = 6122CA1D1EAA4EB40002F881 /* Products */;
			projectDirPath = "";
			projectRoot = "";
			targets = (
				61DF1ED21ED66B1C008333A8 /* iOS */,
				61DF1EF01ED66B80008333A8 /* macOS */,
				617DE28E1EE973C100189A63 /* macOSTests */,
				617DE29D1EE973F000189A63 /* iOSTests */,
			);
		};
/* End PBXProject section */

/* Begin PBXResourcesBuildPhase section */
		617DE28D1EE973C100189A63 /* Resources */ = {
			isa = PBXResourcesBuildPhase;
			buildActionMask = 2147483647;
			files = (
			);
			runOnlyForDeploymentPostprocessing = 0;
		};
		617DE29C1EE973F000189A63 /* Resources */ = {
			isa = PBXResourcesBuildPhase;
			buildActionMask = 2147483647;
			files = (
			);
			runOnlyForDeploymentPostprocessing = 0;
		};
/* End PBXResourcesBuildPhase section */

/* Begin PBXSourcesBuildPhase section */
		617DE28B1EE973C100189A63 /* Sources */ = {
			isa = PBXSourcesBuildPhase;
			buildActionMask = 2147483647;
			files = (
				617DE2921EE973C100189A63 /* macOSTests.m in Sources */,
			);
			runOnlyForDeploymentPostprocessing = 0;
		};
		617DE29A1EE973F000189A63 /* Sources */ = {
			isa = PBXSourcesBuildPhase;
			buildActionMask = 2147483647;
			files = (
				617DE2A11EE973F000189A63 /* iOSTests.m in Sources */,
			);
			runOnlyForDeploymentPostprocessing = 0;
		};
		61DF1ECF1ED66B1C008333A8 /* Sources */ = {
			isa = PBXSourcesBuildPhase;
			buildActionMask = 2147483647;
			files = (
				61D1E9371F04586F0038AE3D /* MSVertexData.m in Sources */,
				61D1E9381F04586F0038AE3D /* MSModelFace.m in Sources */,
				61D1E9391F04586F0038AE3D /* MSModelFraction.m in Sources */,
				61D1E93A1F04586F0038AE3D /* MSMaterial.m in Sources */,
				61D9B1ED1F05BDDB0063DD04 /* MSCamera.m in Sources */,
				61D1E93B1F04586F0038AE3D /* MSMaterialStore.m in Sources */,
				61D1E93C1F04586F0038AE3D /* MSRenderOpenGL.m in Sources */,
				61D1E93D1F04586F0038AE3D /* MSDrawableFraction.m in Sources */,
				61D1E93E1F04586F0038AE3D /* MSEngineUtility.m in Sources */,
				61D1E9401F04586F0038AE3D /* MSWorld.m in Sources */,
				61D1E9411F04586F0038AE3D /* MSPuppet.m in Sources */,
				61D1E9421F04586F0038AE3D /* MSLightSource.m in Sources */,
				61D1E9431F04586F0038AE3D /* MSTransformationManager.m in Sources */,
				61D1E9441F04586F0038AE3D /* MSPoint.m in Sources */,
				61D1E9451F04586F0038AE3D /* MSMatrixND.m in Sources */,
				61D1E9461F04586F0038AE3D /* MSVectorND.m in Sources */,
				61D1E9481F04586F0038AE3D /* MSLoaderOBJ.m in Sources */,
				61D1E9491F04586F0038AE3D /* MSLoaderMTL.m in Sources */,
			);
			runOnlyForDeploymentPostprocessing = 0;
		};
		61DF1EED1ED66B80008333A8 /* Sources */ = {
			isa = PBXSourcesBuildPhase;
			buildActionMask = 2147483647;
			files = (
				61D1E9791F0530AE0038AE3D /* MSVertexData.m in Sources */,
				61D1E97A1F0530AE0038AE3D /* MSModelFace.m in Sources */,
				61D1E97B1F0530AE0038AE3D /* MSModelFraction.m in Sources */,
				61D1E97C1F0530AE0038AE3D /* MSMaterial.m in Sources */,
				61D9B1EE1F05BDDB0063DD04 /* MSCamera.m in Sources */,
				61D1E97D1F0530AE0038AE3D /* MSMaterialStore.m in Sources */,
				61D1E97E1F0530AE0038AE3D /* MSRenderOpenGL.m in Sources */,
				61D1E97F1F0530AE0038AE3D /* MSDrawableFraction.m in Sources */,
				61D1E9801F0530AE0038AE3D /* MSEngineUtility.m in Sources */,
				61D1E9821F0530AE0038AE3D /* MSWorld.m in Sources */,
				61D1E9831F0530AE0038AE3D /* MSPuppet.m in Sources */,
				61D1E9841F0530AE0038AE3D /* MSLightSource.m in Sources */,
				61D1E9851F0530AE0038AE3D /* MSTransformationManager.m in Sources */,
				61D1E9861F0530AE0038AE3D /* MSPoint.m in Sources */,
				61D1E9871F0530AE0038AE3D /* MSMatrixND.m in Sources */,
				61D1E9881F0530AE0038AE3D /* MSVectorND.m in Sources */,
				61D1E9891F0530AE0038AE3D /* MSLoaderOBJ.m in Sources */,
				61D1E98A1F0530AE0038AE3D /* MSLoaderMTL.m in Sources */,
			);
			runOnlyForDeploymentPostprocessing = 0;
		};
/* End PBXSourcesBuildPhase section */

/* Begin PBXTargetDependency section */
		617DE2961EE973C100189A63 /* PBXTargetDependency */ = {
			isa = PBXTargetDependency;
			target = 61DF1EF01ED66B80008333A8 /* macOS */;
			targetProxy = 617DE2951EE973C100189A63 /* PBXContainerItemProxy */;
		};
		617DE2A51EE973F000189A63 /* PBXTargetDependency */ = {
			isa = PBXTargetDependency;
			target = 61DF1ED21ED66B1C008333A8 /* iOS */;
			targetProxy = 617DE2A41EE973F000189A63 /* PBXContainerItemProxy */;
		};
/* End PBXTargetDependency section */

/* Begin XCBuildConfiguration section */
		6122CA1E1EAA4EB40002F881 /* Debug */ = {
			isa = XCBuildConfiguration;
			buildSettings = {
				ALWAYS_SEARCH_USER_PATHS = NO;
				CLANG_ANALYZER_NONNULL = YES;
				CLANG_ANALYZER_NUMBER_OBJECT_CONVERSION = YES_AGGRESSIVE;
				CLANG_CXX_LANGUAGE_STANDARD = "gnu++0x";
				CLANG_CXX_LIBRARY = "libc++";
				CLANG_ENABLE_MODULES = YES;
				CLANG_ENABLE_OBJC_ARC = YES;
				CLANG_WARN_BOOL_CONVERSION = YES;
				CLANG_WARN_CONSTANT_CONVERSION = YES;
				CLANG_WARN_DIRECT_OBJC_ISA_USAGE = YES_ERROR;
				CLANG_WARN_DOCUMENTATION_COMMENTS = YES;
				CLANG_WARN_EMPTY_BODY = YES;
				CLANG_WARN_ENUM_CONVERSION = YES;
				CLANG_WARN_INFINITE_RECURSION = YES;
				CLANG_WARN_INT_CONVERSION = YES;
				CLANG_WARN_OBJC_ROOT_CLASS = YES_ERROR;
				CLANG_WARN_SUSPICIOUS_MOVE = YES;
				CLANG_WARN_UNREACHABLE_CODE = YES;
				CLANG_WARN__DUPLICATE_METHOD_MATCH = YES;
				CODE_SIGN_IDENTITY = "-";
				COPY_PHASE_STRIP = NO;
				DEBUG_INFORMATION_FORMAT = dwarf;
				ENABLE_STRICT_OBJC_MSGSEND = YES;
				ENABLE_TESTABILITY = YES;
				GCC_C_LANGUAGE_STANDARD = gnu99;
				GCC_DYNAMIC_NO_PIC = NO;
				GCC_NO_COMMON_BLOCKS = YES;
				GCC_OPTIMIZATION_LEVEL = 0;
				GCC_PREPROCESSOR_DEFINITIONS = (
					"DEBUG=1",
					"$(inherited)",
				);
				GCC_WARN_64_TO_32_BIT_CONVERSION = YES;
				GCC_WARN_ABOUT_RETURN_TYPE = YES_ERROR;
				GCC_WARN_UNDECLARED_SELECTOR = YES;
				GCC_WARN_UNINITIALIZED_AUTOS = YES_AGGRESSIVE;
				GCC_WARN_UNUSED_FUNCTION = YES;
				GCC_WARN_UNUSED_VARIABLE = YES;
				MACOSX_DEPLOYMENT_TARGET = 10.12;
				MTL_ENABLE_DEBUG_INFO = YES;
				ONLY_ACTIVE_ARCH = YES;
				SDKROOT = macosx;
			};
			name = Debug;
		};
		6122CA1F1EAA4EB40002F881 /* Release */ = {
			isa = XCBuildConfiguration;
			buildSettings = {
				ALWAYS_SEARCH_USER_PATHS = NO;
				CLANG_ANALYZER_NONNULL = YES;
				CLANG_ANALYZER_NUMBER_OBJECT_CONVERSION = YES_AGGRESSIVE;
				CLANG_CXX_LANGUAGE_STANDARD = "gnu++0x";
				CLANG_CXX_LIBRARY = "libc++";
				CLANG_ENABLE_MODULES = YES;
				CLANG_ENABLE_OBJC_ARC = YES;
				CLANG_WARN_BOOL_CONVERSION = YES;
				CLANG_WARN_CONSTANT_CONVERSION = YES;
				CLANG_WARN_DIRECT_OBJC_ISA_USAGE = YES_ERROR;
				CLANG_WARN_DOCUMENTATION_COMMENTS = YES;
				CLANG_WARN_EMPTY_BODY = YES;
				CLANG_WARN_ENUM_CONVERSION = YES;
				CLANG_WARN_INFINITE_RECURSION = YES;
				CLANG_WARN_INT_CONVERSION = YES;
				CLANG_WARN_OBJC_ROOT_CLASS = YES_ERROR;
				CLANG_WARN_SUSPICIOUS_MOVE = YES;
				CLANG_WARN_UNREACHABLE_CODE = YES;
				CLANG_WARN__DUPLICATE_METHOD_MATCH = YES;
				CODE_SIGN_IDENTITY = "-";
				COPY_PHASE_STRIP = NO;
				DEBUG_INFORMATION_FORMAT = "dwarf-with-dsym";
				ENABLE_NS_ASSERTIONS = NO;
				ENABLE_STRICT_OBJC_MSGSEND = YES;
				GCC_C_LANGUAGE_STANDARD = gnu99;
				GCC_NO_COMMON_BLOCKS = YES;
				GCC_WARN_64_TO_32_BIT_CONVERSION = YES;
				GCC_WARN_ABOUT_RETURN_TYPE = YES_ERROR;
				GCC_WARN_UNDECLARED_SELECTOR = YES;
				GCC_WARN_UNINITIALIZED_AUTOS = YES_AGGRESSIVE;
				GCC_WARN_UNUSED_FUNCTION = YES;
				GCC_WARN_UNUSED_VARIABLE = YES;
				MACOSX_DEPLOYMENT_TARGET = 10.12;
				MTL_ENABLE_DEBUG_INFO = NO;
				SDKROOT = macosx;
			};
			name = Release;
		};
		617DE2981EE973C100189A63 /* Debug */ = {
			isa = XCBuildConfiguration;
			buildSettings = {
				COMBINE_HIDPI_IMAGES = YES;
				DEVELOPMENT_TEAM = R78NEXF6E2;
				INFOPLIST_FILE = macOSTests/Info.plist;
				LD_RUNPATH_SEARCH_PATHS = "$(inherited) @executable_path/../Frameworks @loader_path/../Frameworks";
				PRODUCT_BUNDLE_IDENTIFIER = com.stompor.mateusz.macOSTests;
				PRODUCT_NAME = "$(TARGET_NAME)";
			};
			name = Debug;
		};
		617DE2991EE973C100189A63 /* Release */ = {
			isa = XCBuildConfiguration;
			buildSettings = {
				COMBINE_HIDPI_IMAGES = YES;
				DEVELOPMENT_TEAM = R78NEXF6E2;
				INFOPLIST_FILE = macOSTests/Info.plist;
				LD_RUNPATH_SEARCH_PATHS = "$(inherited) @executable_path/../Frameworks @loader_path/../Frameworks";
				PRODUCT_BUNDLE_IDENTIFIER = com.stompor.mateusz.macOSTests;
				PRODUCT_NAME = "$(TARGET_NAME)";
			};
			name = Release;
		};
		617DE2A71EE973F000189A63 /* Debug */ = {
			isa = XCBuildConfiguration;
			buildSettings = {
				"CODE_SIGN_IDENTITY[sdk=iphoneos*]" = "iPhone Developer";
				DEVELOPMENT_TEAM = R78NEXF6E2;
				INFOPLIST_FILE = iOSTests/Info.plist;
				IPHONEOS_DEPLOYMENT_TARGET = 10.3;
				LD_RUNPATH_SEARCH_PATHS = "$(inherited) @executable_path/Frameworks @loader_path/Frameworks";
				PRODUCT_BUNDLE_IDENTIFIER = com.stompor.mateusz.iOSTests;
				PRODUCT_NAME = "$(TARGET_NAME)";
				SDKROOT = iphoneos;
			};
			name = Debug;
		};
		617DE2A81EE973F000189A63 /* Release */ = {
			isa = XCBuildConfiguration;
			buildSettings = {
				"CODE_SIGN_IDENTITY[sdk=iphoneos*]" = "iPhone Developer";
				DEVELOPMENT_TEAM = R78NEXF6E2;
				INFOPLIST_FILE = iOSTests/Info.plist;
				IPHONEOS_DEPLOYMENT_TARGET = 10.3;
				LD_RUNPATH_SEARCH_PATHS = "$(inherited) @executable_path/Frameworks @loader_path/Frameworks";
				PRODUCT_BUNDLE_IDENTIFIER = com.stompor.mateusz.iOSTests;
				PRODUCT_NAME = "$(TARGET_NAME)";
				SDKROOT = iphoneos;
				VALIDATE_PRODUCT = YES;
			};
			name = Release;
		};
		61DF1EDA1ED66B1C008333A8 /* Debug */ = {
			isa = XCBuildConfiguration;
			buildSettings = {
				"CODE_SIGN_IDENTITY[sdk=iphoneos*]" = "iPhone Developer";
				DEVELOPMENT_TEAM = R78NEXF6E2;
				GCC_PREPROCESSOR_DEFINITIONS = (
					"iOS=1",
					"DEBUG=1",
				);
				IPHONEOS_DEPLOYMENT_TARGET = 10.3;
				OTHER_LDFLAGS = "-ObjC";
				PRODUCT_NAME = "$(TARGET_NAME)";
				SDKROOT = iphoneos;
				SKIP_INSTALL = YES;
			};
			name = Debug;
		};
		61DF1EDB1ED66B1C008333A8 /* Release */ = {
			isa = XCBuildConfiguration;
			buildSettings = {
				"CODE_SIGN_IDENTITY[sdk=iphoneos*]" = "iPhone Developer";
				DEVELOPMENT_TEAM = R78NEXF6E2;
				GCC_PREPROCESSOR_DEFINITIONS = "iOS=1";
				IPHONEOS_DEPLOYMENT_TARGET = 10.3;
				OTHER_LDFLAGS = "-ObjC";
				PRODUCT_NAME = "$(TARGET_NAME)";
				SDKROOT = iphoneos;
				SKIP_INSTALL = YES;
				VALIDATE_PRODUCT = YES;
			};
			name = Release;
		};
		61DF1EF31ED66B80008333A8 /* Debug */ = {
			isa = XCBuildConfiguration;
			buildSettings = {
				DEVELOPMENT_TEAM = R78NEXF6E2;
				EXECUTABLE_PREFIX = lib;
				GCC_PREPROCESSOR_DEFINITIONS = (
					"DEBUG=1",
					"macOS=1",
				);
				PRODUCT_NAME = "$(TARGET_NAME)";
			};
			name = Debug;
		};
		61DF1EF41ED66B80008333A8 /* Release */ = {
			isa = XCBuildConfiguration;
			buildSettings = {
				DEVELOPMENT_TEAM = R78NEXF6E2;
				EXECUTABLE_PREFIX = lib;
				GCC_PREPROCESSOR_DEFINITIONS = "macOS=1";
				PRODUCT_NAME = "$(TARGET_NAME)";
			};
			name = Release;
		};
/* End XCBuildConfiguration section */

/* Begin XCConfigurationList section */
		6122CA171EAA4EB40002F881 /* Build configuration list for PBXProject "MSGraphicsEngine" */ = {
			isa = XCConfigurationList;
			buildConfigurations = (
				6122CA1E1EAA4EB40002F881 /* Debug */,
				6122CA1F1EAA4EB40002F881 /* Release */,
			);
			defaultConfigurationIsVisible = 0;
			defaultConfigurationName = Release;
		};
		617DE2971EE973C100189A63 /* Build configuration list for PBXNativeTarget "macOSTests" */ = {
			isa = XCConfigurationList;
			buildConfigurations = (
				617DE2981EE973C100189A63 /* Debug */,
				617DE2991EE973C100189A63 /* Release */,
			);
			defaultConfigurationIsVisible = 0;
			defaultConfigurationName = Release;
		};
		617DE2A61EE973F000189A63 /* Build configuration list for PBXNativeTarget "iOSTests" */ = {
			isa = XCConfigurationList;
			buildConfigurations = (
				617DE2A71EE973F000189A63 /* Debug */,
				617DE2A81EE973F000189A63 /* Release */,
			);
			defaultConfigurationIsVisible = 0;
			defaultConfigurationName = Release;
		};
		61DF1ED91ED66B1C008333A8 /* Build configuration list for PBXNativeTarget "iOS" */ = {
			isa = XCConfigurationList;
			buildConfigurations = (
				61DF1EDA1ED66B1C008333A8 /* Debug */,
				61DF1EDB1ED66B1C008333A8 /* Release */,
			);
			defaultConfigurationIsVisible = 0;
			defaultConfigurationName = Release;
		};
		61DF1EF21ED66B80008333A8 /* Build configuration list for PBXNativeTarget "macOS" */ = {
			isa = XCConfigurationList;
			buildConfigurations = (
				61DF1EF31ED66B80008333A8 /* Debug */,
				61DF1EF41ED66B80008333A8 /* Release */,
			);
			defaultConfigurationIsVisible = 0;
			defaultConfigurationName = Release;
		};
/* End XCConfigurationList section */
	};
	rootObject = 6122CA141EAA4EB40002F881 /* Project object */;
}
