// !$*UTF8*$!
{
	archiveVersion = 1;
	classes = {
	};
	objectVersion = 46;
	objects = {

/* Begin PBXBuildFile section */
		619CFB781F38C363004FACBE /* MSGraphicsEngineTests_iOS.m in Sources */ = {isa = PBXBuildFile; fileRef = 619CFB771F38C363004FACBE /* MSGraphicsEngineTests_iOS.m */; };
		619CFB7A1F38C363004FACBE /* iMSGraphicsEngine.framework in Frameworks */ = {isa = PBXBuildFile; fileRef = 61D6CDE41F32368C0021133D /* iMSGraphicsEngine.framework */; };
		619CFB811F38C38B004FACBE /* MSVectorND_Tests.m in Sources */ = {isa = PBXBuildFile; fileRef = 619CFB801F38C38B004FACBE /* MSVectorND_Tests.m */; };
		619CFB851F38E1B9004FACBE /* MSMathException.h in Headers */ = {isa = PBXBuildFile; fileRef = 619CFB831F38E1B9004FACBE /* MSMathException.h */; settings = {ATTRIBUTES = (Public, ); }; };
		619CFB861F38E1B9004FACBE /* MSMathException.m in Sources */ = {isa = PBXBuildFile; fileRef = 619CFB841F38E1B9004FACBE /* MSMathException.m */; };
		619CFB8A1F390992004FACBE /* MSPoint_Tests.m in Sources */ = {isa = PBXBuildFile; fileRef = 619CFB881F3907A8004FACBE /* MSPoint_Tests.m */; };
		61D6CDF41F32368D0021133D /* iMSGraphicsEngine.h in Headers */ = {isa = PBXBuildFile; fileRef = 61D6CDE61F32368C0021133D /* iMSGraphicsEngine.h */; settings = {ATTRIBUTES = (Public, ); }; };
		61D6CDFB1F3236A40021133D /* OpenGLES.framework in Frameworks */ = {isa = PBXBuildFile; fileRef = 61314EED1ED64B70001A3519 /* OpenGLES.framework */; };
		61D6CDFD1F3236A90021133D /* Foundation.framework in Frameworks */ = {isa = PBXBuildFile; fileRef = 61D6CDFC1F3236A90021133D /* Foundation.framework */; };
		61D6CE601F323F5A0021133D /* MSGraphicsConstants.h in Headers */ = {isa = PBXBuildFile; fileRef = 61D9B1E61F05B9800063DD04 /* MSGraphicsConstants.h */; settings = {ATTRIBUTES = (Public, ); }; };
		61D6CE611F323F5A0021133D /* MSVertexData.h in Headers */ = {isa = PBXBuildFile; fileRef = 615AF6A21EB8B3930086897F /* MSVertexData.h */; settings = {ATTRIBUTES = (Public, ); }; };
		61D6CE621F323F5A0021133D /* MSModelFace.h in Headers */ = {isa = PBXBuildFile; fileRef = 615AF69C1EB8B3930086897F /* MSModelFace.h */; settings = {ATTRIBUTES = (Public, ); }; };
		61D6CE631F323F5A0021133D /* MSModelFraction.h in Headers */ = {isa = PBXBuildFile; fileRef = 615AF69E1EB8B3930086897F /* MSModelFraction.h */; settings = {ATTRIBUTES = (Public, ); }; };
		61D6CE641F323F5A0021133D /* MSMaterial.h in Headers */ = {isa = PBXBuildFile; fileRef = 615EE8B41EFAECD9009537F9 /* MSMaterial.h */; settings = {ATTRIBUTES = (Public, ); }; };
		61D6CE651F323F5A0021133D /* MSMaterialStore.h in Headers */ = {isa = PBXBuildFile; fileRef = 615EE8C01EFAFAD8009537F9 /* MSMaterialStore.h */; settings = {ATTRIBUTES = (Public, ); }; };
		61D6CE661F323F5A0021133D /* MSRenderOpenGL.h in Headers */ = {isa = PBXBuildFile; fileRef = 61D1E92A1F0448F40038AE3D /* MSRenderOpenGL.h */; settings = {ATTRIBUTES = (Public, ); }; };
		61D6CE671F323F5A0021133D /* MSDrawableFraction.h in Headers */ = {isa = PBXBuildFile; fileRef = 61D1E9311F044F6B0038AE3D /* MSDrawableFraction.h */; settings = {ATTRIBUTES = (Public, ); }; };
		61D6CE681F323F5A0021133D /* MSEngineUtility.h in Headers */ = {isa = PBXBuildFile; fileRef = 615AF6A41EB8B3930086897F /* MSEngineUtility.h */; settings = {ATTRIBUTES = (Public, ); }; };
		61D6CE691F323F5A0021133D /* MSRender.h in Headers */ = {isa = PBXBuildFile; fileRef = 615AF6A61EB8B3930086897F /* MSRender.h */; settings = {ATTRIBUTES = (Public, ); }; };
		61D6CE6A1F323F5A0021133D /* MSWorld.h in Headers */ = {isa = PBXBuildFile; fileRef = 615AF6A91EB8B3930086897F /* MSWorld.h */; settings = {ATTRIBUTES = (Public, ); }; };
		61D6CE6B1F323F5A0021133D /* MSPositionedObject.h in Headers */ = {isa = PBXBuildFile; fileRef = 615AF6AD1EB8B3930086897F /* MSPositionedObject.h */; settings = {ATTRIBUTES = (Public, ); }; };
		61D6CE6C1F323F5A0021133D /* MSPuppet.h in Headers */ = {isa = PBXBuildFile; fileRef = 615AF6B11EB8B3930086897F /* MSPuppet.h */; settings = {ATTRIBUTES = (Public, ); }; };
		61D6CE6D1F323F5A0021133D /* MSLightSource.h in Headers */ = {isa = PBXBuildFile; fileRef = 619A5F531EBA81460017DB89 /* MSLightSource.h */; settings = {ATTRIBUTES = (Public, ); }; };
		61D6CE6E1F323F5A0021133D /* MSCamera.h in Headers */ = {isa = PBXBuildFile; fileRef = 61D9B1E91F05BDDB0063DD04 /* MSCamera.h */; settings = {ATTRIBUTES = (Public, ); }; };
		61D6CE6F1F323F5A0021133D /* MSTransformationManager.h in Headers */ = {isa = PBXBuildFile; fileRef = 615AF6A01EB8B3930086897F /* MSTransformationManager.h */; settings = {ATTRIBUTES = (Public, ); }; };
		61D6CE701F323F5A0021133D /* MSPoint.h in Headers */ = {isa = PBXBuildFile; fileRef = 615AF6B71EB8B3930086897F /* MSPoint.h */; settings = {ATTRIBUTES = (Public, ); }; };
		61D6CE711F323F5A0021133D /* MSMatrixND.h in Headers */ = {isa = PBXBuildFile; fileRef = 615AF6B51EB8B3930086897F /* MSMatrixND.h */; settings = {ATTRIBUTES = (Public, ); }; };
		61D6CE721F323F5A0021133D /* MSVectorND.h in Headers */ = {isa = PBXBuildFile; fileRef = 615AF6BA1EB8B3930086897F /* MSVectorND.h */; settings = {ATTRIBUTES = (Public, ); }; };
		61D6CE731F323F5A0021133D /* MSLoaderOBJ.h in Headers */ = {isa = PBXBuildFile; fileRef = 615AF6BF1EB8B3930086897F /* MSLoaderOBJ.h */; settings = {ATTRIBUTES = (Public, ); }; };
		61D6CE741F323F5A0021133D /* MSModelManager.h in Headers */ = {isa = PBXBuildFile; fileRef = 615AF6C11EB8B3930086897F /* MSModelManager.h */; settings = {ATTRIBUTES = (Public, ); }; };
		61D6CE751F323F5A0021133D /* MSLoaderMTL.h in Headers */ = {isa = PBXBuildFile; fileRef = 615EE8BA1EFAF1A8009537F9 /* MSLoaderMTL.h */; settings = {ATTRIBUTES = (Public, ); }; };
		61D6CE761F323F660021133D /* MSVertexData.m in Sources */ = {isa = PBXBuildFile; fileRef = 615AF6A31EB8B3930086897F /* MSVertexData.m */; };
		61D6CE771F323F660021133D /* MSModelFace.m in Sources */ = {isa = PBXBuildFile; fileRef = 615AF69D1EB8B3930086897F /* MSModelFace.m */; };
		61D6CE781F323F660021133D /* MSModelFraction.m in Sources */ = {isa = PBXBuildFile; fileRef = 615AF69F1EB8B3930086897F /* MSModelFraction.m */; };
		61D6CE791F323F660021133D /* MSMaterial.m in Sources */ = {isa = PBXBuildFile; fileRef = 615EE8B51EFAECD9009537F9 /* MSMaterial.m */; };
		61D6CE7A1F323F660021133D /* MSMaterialStore.m in Sources */ = {isa = PBXBuildFile; fileRef = 615EE8C11EFAFAD8009537F9 /* MSMaterialStore.m */; };
		61D6CE7B1F323F660021133D /* MSRenderOpenGL.mm in Sources */ = {isa = PBXBuildFile; fileRef = 61D1E92B1F0448F40038AE3D /* MSRenderOpenGL.mm */; };
		61D6CE7C1F323F660021133D /* MSDrawableFraction.m in Sources */ = {isa = PBXBuildFile; fileRef = 61D1E9321F044F6B0038AE3D /* MSDrawableFraction.m */; };
		61D6CE7D1F323F660021133D /* MSEngineUtility.m in Sources */ = {isa = PBXBuildFile; fileRef = 615AF6A51EB8B3930086897F /* MSEngineUtility.m */; };
		61D6CE7E1F323F660021133D /* MSWorld.m in Sources */ = {isa = PBXBuildFile; fileRef = 615AF6AA1EB8B3930086897F /* MSWorld.m */; };
		61D6CE7F1F323F660021133D /* MSPuppet.m in Sources */ = {isa = PBXBuildFile; fileRef = 615AF6B21EB8B3930086897F /* MSPuppet.m */; };
		61D6CE801F323F660021133D /* MSLightSource.m in Sources */ = {isa = PBXBuildFile; fileRef = 619A5F541EBA81460017DB89 /* MSLightSource.m */; };
		61D6CE811F323F660021133D /* MSCamera.m in Sources */ = {isa = PBXBuildFile; fileRef = 61D9B1EA1F05BDDB0063DD04 /* MSCamera.m */; };
		61D6CE821F323F660021133D /* MSTransformationManager.m in Sources */ = {isa = PBXBuildFile; fileRef = 615AF6A11EB8B3930086897F /* MSTransformationManager.m */; };
		61D6CE831F323F660021133D /* MSPoint.m in Sources */ = {isa = PBXBuildFile; fileRef = 615AF6B81EB8B3930086897F /* MSPoint.m */; };
		61D6CE841F323F660021133D /* MSMatrixND.m in Sources */ = {isa = PBXBuildFile; fileRef = 615AF6B61EB8B3930086897F /* MSMatrixND.m */; };
		61D6CE851F323F660021133D /* MSVectorND.m in Sources */ = {isa = PBXBuildFile; fileRef = 615AF6BB1EB8B3930086897F /* MSVectorND.m */; };
		61D6CE861F323F660021133D /* MSLoaderOBJ.m in Sources */ = {isa = PBXBuildFile; fileRef = 615AF6C01EB8B3930086897F /* MSLoaderOBJ.m */; };
		61D6CE871F323F660021133D /* MSLoaderMTL.m in Sources */ = {isa = PBXBuildFile; fileRef = 615EE8BB1EFAF1A8009537F9 /* MSLoaderMTL.m */; };
		61D6CE8A1F323F800021133D /* FShader.frag in Resources */ = {isa = PBXBuildFile; fileRef = 6120616F1F2E477D0062997A /* FShader.frag */; };
		61D6CE8B1F323F800021133D /* LightShader.frag in Resources */ = {isa = PBXBuildFile; fileRef = 612061701F2E477D0062997A /* LightShader.frag */; };
		61D6CE8C1F323F800021133D /* VShader.vert in Resources */ = {isa = PBXBuildFile; fileRef = 612061711F2E477D0062997A /* VShader.vert */; };
		61D6CE8D1F323F800021133D /* ios_shaders_header in Resources */ = {isa = PBXBuildFile; fileRef = 61BCA3BD1EFDC850004FA86D /* ios_shaders_header */; };
		61D6CE8E1F323F800021133D /* mac_shaders_header in Resources */ = {isa = PBXBuildFile; fileRef = 61BCA3BE1EFDC866004FA86D /* mac_shaders_header */; };
		61D6CE8F1F323F800021133D /* MSGraphicsConstants.h in Resources */ = {isa = PBXBuildFile; fileRef = 61D9B1E61F05B9800063DD04 /* MSGraphicsConstants.h */; };
/* End PBXBuildFile section */

/* Begin PBXContainerItemProxy section */
		619CFB7B1F38C363004FACBE /* PBXContainerItemProxy */ = {
			isa = PBXContainerItemProxy;
			containerPortal = 6122CA141EAA4EB40002F881 /* Project object */;
			proxyType = 1;
			remoteGlobalIDString = 61D6CDE31F32368C0021133D;
			remoteInfo = iMSGraphicsEngine;
		};
/* End PBXContainerItemProxy section */

/* Begin PBXFileReference section */
		6120616F1F2E477D0062997A /* FShader.frag */ = {isa = PBXFileReference; fileEncoding = 4; lastKnownFileType = sourcecode.glsl; path = FShader.frag; sourceTree = "<group>"; };
		612061701F2E477D0062997A /* LightShader.frag */ = {isa = PBXFileReference; fileEncoding = 4; lastKnownFileType = sourcecode.glsl; path = LightShader.frag; sourceTree = "<group>"; };
		612061711F2E477D0062997A /* VShader.vert */ = {isa = PBXFileReference; fileEncoding = 4; lastKnownFileType = sourcecode.glsl; path = VShader.vert; sourceTree = "<group>"; };
		6122CA241EAA4EBE0002F881 /* OpenGL.framework */ = {isa = PBXFileReference; lastKnownFileType = wrapper.framework; name = OpenGL.framework; path = System/Library/Frameworks/OpenGL.framework; sourceTree = SDKROOT; };
		61314EDC1ED64802001A3519 /* GLKit.framework */ = {isa = PBXFileReference; lastKnownFileType = wrapper.framework; name = GLKit.framework; path = System/Library/Frameworks/GLKit.framework; sourceTree = SDKROOT; };
		61314EED1ED64B70001A3519 /* OpenGLES.framework */ = {isa = PBXFileReference; lastKnownFileType = wrapper.framework; name = OpenGLES.framework; path = Platforms/iPhoneOS.platform/Developer/SDKs/iPhoneOS10.3.sdk/System/Library/Frameworks/OpenGLES.framework; sourceTree = DEVELOPER_DIR; };
		615AF69C1EB8B3930086897F /* MSModelFace.h */ = {isa = PBXFileReference; fileEncoding = 4; lastKnownFileType = sourcecode.c.h; path = MSModelFace.h; sourceTree = "<group>"; };
		615AF69D1EB8B3930086897F /* MSModelFace.m */ = {isa = PBXFileReference; fileEncoding = 4; lastKnownFileType = sourcecode.c.objc; path = MSModelFace.m; sourceTree = "<group>"; };
		615AF69E1EB8B3930086897F /* MSModelFraction.h */ = {isa = PBXFileReference; fileEncoding = 4; lastKnownFileType = sourcecode.c.h; path = MSModelFraction.h; sourceTree = "<group>"; };
		615AF69F1EB8B3930086897F /* MSModelFraction.m */ = {isa = PBXFileReference; fileEncoding = 4; lastKnownFileType = sourcecode.c.objc; path = MSModelFraction.m; sourceTree = "<group>"; };
		615AF6A01EB8B3930086897F /* MSTransformationManager.h */ = {isa = PBXFileReference; fileEncoding = 4; lastKnownFileType = sourcecode.c.h; name = MSTransformationManager.h; path = ../CoreEngine/Render/Models/Underlyings/MSTransformationManager.h; sourceTree = "<group>"; };
		615AF6A11EB8B3930086897F /* MSTransformationManager.m */ = {isa = PBXFileReference; fileEncoding = 4; lastKnownFileType = sourcecode.c.objc; name = MSTransformationManager.m; path = ../CoreEngine/Render/Models/Underlyings/MSTransformationManager.m; sourceTree = "<group>"; };
		615AF6A21EB8B3930086897F /* MSVertexData.h */ = {isa = PBXFileReference; fileEncoding = 4; lastKnownFileType = sourcecode.c.h; path = MSVertexData.h; sourceTree = "<group>"; };
		615AF6A31EB8B3930086897F /* MSVertexData.m */ = {isa = PBXFileReference; fileEncoding = 4; lastKnownFileType = sourcecode.c.objc; path = MSVertexData.m; sourceTree = "<group>"; };
		615AF6A41EB8B3930086897F /* MSEngineUtility.h */ = {isa = PBXFileReference; fileEncoding = 4; lastKnownFileType = sourcecode.c.h; path = MSEngineUtility.h; sourceTree = "<group>"; };
		615AF6A51EB8B3930086897F /* MSEngineUtility.m */ = {isa = PBXFileReference; fileEncoding = 4; lastKnownFileType = sourcecode.c.objc; path = MSEngineUtility.m; sourceTree = "<group>"; };
		615AF6A61EB8B3930086897F /* MSRender.h */ = {isa = PBXFileReference; fileEncoding = 4; lastKnownFileType = sourcecode.c.h; path = MSRender.h; sourceTree = "<group>"; };
		615AF6A91EB8B3930086897F /* MSWorld.h */ = {isa = PBXFileReference; fileEncoding = 4; lastKnownFileType = sourcecode.c.h; path = MSWorld.h; sourceTree = "<group>"; };
		615AF6AA1EB8B3930086897F /* MSWorld.m */ = {isa = PBXFileReference; fileEncoding = 4; lastKnownFileType = sourcecode.c.objc; path = MSWorld.m; sourceTree = "<group>"; };
		615AF6AD1EB8B3930086897F /* MSPositionedObject.h */ = {isa = PBXFileReference; fileEncoding = 4; lastKnownFileType = sourcecode.c.h; path = MSPositionedObject.h; sourceTree = "<group>"; };
		615AF6B11EB8B3930086897F /* MSPuppet.h */ = {isa = PBXFileReference; fileEncoding = 4; lastKnownFileType = sourcecode.c.h; path = MSPuppet.h; sourceTree = "<group>"; };
		615AF6B21EB8B3930086897F /* MSPuppet.m */ = {isa = PBXFileReference; fileEncoding = 4; lastKnownFileType = sourcecode.c.objc; path = MSPuppet.m; sourceTree = "<group>"; };
		615AF6B51EB8B3930086897F /* MSMatrixND.h */ = {isa = PBXFileReference; fileEncoding = 4; lastKnownFileType = sourcecode.c.h; path = MSMatrixND.h; sourceTree = "<group>"; };
		615AF6B61EB8B3930086897F /* MSMatrixND.m */ = {isa = PBXFileReference; fileEncoding = 4; lastKnownFileType = sourcecode.c.objc; path = MSMatrixND.m; sourceTree = "<group>"; };
		615AF6B71EB8B3930086897F /* MSPoint.h */ = {isa = PBXFileReference; fileEncoding = 4; lastKnownFileType = sourcecode.c.h; path = MSPoint.h; sourceTree = "<group>"; };
		615AF6B81EB8B3930086897F /* MSPoint.m */ = {isa = PBXFileReference; fileEncoding = 4; lastKnownFileType = sourcecode.c.objc; path = MSPoint.m; sourceTree = "<group>"; };
		615AF6BA1EB8B3930086897F /* MSVectorND.h */ = {isa = PBXFileReference; fileEncoding = 4; lastKnownFileType = sourcecode.c.h; path = MSVectorND.h; sourceTree = "<group>"; };
		615AF6BB1EB8B3930086897F /* MSVectorND.m */ = {isa = PBXFileReference; fileEncoding = 4; lastKnownFileType = sourcecode.c.objc; path = MSVectorND.m; sourceTree = "<group>"; xcLanguageSpecificationIdentifier = xcode.lang.objc; };
		615AF6BF1EB8B3930086897F /* MSLoaderOBJ.h */ = {isa = PBXFileReference; fileEncoding = 4; lastKnownFileType = sourcecode.c.h; path = MSLoaderOBJ.h; sourceTree = "<group>"; };
		615AF6C01EB8B3930086897F /* MSLoaderOBJ.m */ = {isa = PBXFileReference; fileEncoding = 4; lastKnownFileType = sourcecode.c.objc; path = MSLoaderOBJ.m; sourceTree = "<group>"; };
		615AF6C11EB8B3930086897F /* MSModelManager.h */ = {isa = PBXFileReference; fileEncoding = 4; lastKnownFileType = sourcecode.c.h; path = MSModelManager.h; sourceTree = "<group>"; };
		615EE8B41EFAECD9009537F9 /* MSMaterial.h */ = {isa = PBXFileReference; fileEncoding = 4; lastKnownFileType = sourcecode.c.h; path = MSMaterial.h; sourceTree = "<group>"; };
		615EE8B51EFAECD9009537F9 /* MSMaterial.m */ = {isa = PBXFileReference; fileEncoding = 4; lastKnownFileType = sourcecode.c.objc; path = MSMaterial.m; sourceTree = "<group>"; };
		615EE8BA1EFAF1A8009537F9 /* MSLoaderMTL.h */ = {isa = PBXFileReference; fileEncoding = 4; lastKnownFileType = sourcecode.c.h; path = MSLoaderMTL.h; sourceTree = "<group>"; };
		615EE8BB1EFAF1A8009537F9 /* MSLoaderMTL.m */ = {isa = PBXFileReference; fileEncoding = 4; lastKnownFileType = sourcecode.c.objc; path = MSLoaderMTL.m; sourceTree = "<group>"; };
		615EE8C01EFAFAD8009537F9 /* MSMaterialStore.h */ = {isa = PBXFileReference; fileEncoding = 4; lastKnownFileType = sourcecode.c.h; path = MSMaterialStore.h; sourceTree = "<group>"; };
		615EE8C11EFAFAD8009537F9 /* MSMaterialStore.m */ = {isa = PBXFileReference; fileEncoding = 4; lastKnownFileType = sourcecode.c.objc; path = MSMaterialStore.m; sourceTree = "<group>"; };
		617DE2871EE9734400189A63 /* XCTest.framework */ = {isa = PBXFileReference; lastKnownFileType = wrapper.framework; name = XCTest.framework; path = Platforms/iPhoneOS.platform/Developer/Library/Frameworks/XCTest.framework; sourceTree = DEVELOPER_DIR; };
		617DE2891EE9734900189A63 /* XCTest.framework */ = {isa = PBXFileReference; lastKnownFileType = wrapper.framework; name = XCTest.framework; path = Platforms/MacOSX.platform/Developer/Library/Frameworks/XCTest.framework; sourceTree = DEVELOPER_DIR; };
		619A5F531EBA81460017DB89 /* MSLightSource.h */ = {isa = PBXFileReference; fileEncoding = 4; lastKnownFileType = sourcecode.c.h; path = MSLightSource.h; sourceTree = "<group>"; };
		619A5F541EBA81460017DB89 /* MSLightSource.m */ = {isa = PBXFileReference; fileEncoding = 4; lastKnownFileType = sourcecode.c.objc; path = MSLightSource.m; sourceTree = "<group>"; };
		619CFB751F38C363004FACBE /* MSGraphicsEngineTests_iOS.xctest */ = {isa = PBXFileReference; explicitFileType = wrapper.cfbundle; includeInIndex = 0; path = MSGraphicsEngineTests_iOS.xctest; sourceTree = BUILT_PRODUCTS_DIR; };
		619CFB771F38C363004FACBE /* MSGraphicsEngineTests_iOS.m */ = {isa = PBXFileReference; lastKnownFileType = sourcecode.c.objc; path = MSGraphicsEngineTests_iOS.m; sourceTree = "<group>"; };
		619CFB791F38C363004FACBE /* Info.plist */ = {isa = PBXFileReference; lastKnownFileType = text.plist.xml; path = Info.plist; sourceTree = "<group>"; };
		619CFB801F38C38B004FACBE /* MSVectorND_Tests.m */ = {isa = PBXFileReference; fileEncoding = 4; lastKnownFileType = sourcecode.c.objc; name = MSVectorND_Tests.m; path = Math/MSVectorND_Tests.m; sourceTree = "<group>"; };
		619CFB831F38E1B9004FACBE /* MSMathException.h */ = {isa = PBXFileReference; fileEncoding = 4; lastKnownFileType = sourcecode.c.h; path = MSMathException.h; sourceTree = "<group>"; };
		619CFB841F38E1B9004FACBE /* MSMathException.m */ = {isa = PBXFileReference; fileEncoding = 4; lastKnownFileType = sourcecode.c.objc; path = MSMathException.m; sourceTree = "<group>"; };
		619CFB881F3907A8004FACBE /* MSPoint_Tests.m */ = {isa = PBXFileReference; fileEncoding = 4; lastKnownFileType = sourcecode.c.objc; name = MSPoint_Tests.m; path = Math/MSPoint_Tests.m; sourceTree = "<group>"; };
		61BCA3BD1EFDC850004FA86D /* ios_shaders_header */ = {isa = PBXFileReference; fileEncoding = 4; lastKnownFileType = text; path = ios_shaders_header; sourceTree = "<group>"; };
		61BCA3BE1EFDC866004FA86D /* mac_shaders_header */ = {isa = PBXFileReference; fileEncoding = 4; lastKnownFileType = text; path = mac_shaders_header; sourceTree = "<group>"; };
		61D1E92A1F0448F40038AE3D /* MSRenderOpenGL.h */ = {isa = PBXFileReference; fileEncoding = 4; lastKnownFileType = sourcecode.c.h; path = MSRenderOpenGL.h; sourceTree = "<group>"; };
		61D1E92B1F0448F40038AE3D /* MSRenderOpenGL.mm */ = {isa = PBXFileReference; fileEncoding = 4; lastKnownFileType = sourcecode.cpp.objcpp; path = MSRenderOpenGL.mm; sourceTree = "<group>"; };
		61D1E9311F044F6B0038AE3D /* MSDrawableFraction.h */ = {isa = PBXFileReference; fileEncoding = 4; lastKnownFileType = sourcecode.c.h; name = MSDrawableFraction.h; path = OpenGL/MSDrawableFraction.h; sourceTree = "<group>"; };
		61D1E9321F044F6B0038AE3D /* MSDrawableFraction.m */ = {isa = PBXFileReference; fileEncoding = 4; lastKnownFileType = sourcecode.c.objc; name = MSDrawableFraction.m; path = OpenGL/MSDrawableFraction.m; sourceTree = "<group>"; };
		61D6CDE41F32368C0021133D /* iMSGraphicsEngine.framework */ = {isa = PBXFileReference; explicitFileType = wrapper.framework; includeInIndex = 0; path = iMSGraphicsEngine.framework; sourceTree = BUILT_PRODUCTS_DIR; };
		61D6CDE61F32368C0021133D /* iMSGraphicsEngine.h */ = {isa = PBXFileReference; lastKnownFileType = sourcecode.c.h; path = iMSGraphicsEngine.h; sourceTree = "<group>"; };
		61D6CDE71F32368C0021133D /* Info.plist */ = {isa = PBXFileReference; lastKnownFileType = text.plist.xml; path = Info.plist; sourceTree = "<group>"; };
		61D6CDFC1F3236A90021133D /* Foundation.framework */ = {isa = PBXFileReference; lastKnownFileType = wrapper.framework; name = Foundation.framework; path = Platforms/iPhoneOS.platform/Developer/SDKs/iPhoneOS10.3.sdk/System/Library/Frameworks/Foundation.framework; sourceTree = DEVELOPER_DIR; };
		61D9B1E61F05B9800063DD04 /* MSGraphicsConstants.h */ = {isa = PBXFileReference; fileEncoding = 4; lastKnownFileType = sourcecode.c.h; path = MSGraphicsConstants.h; sourceTree = "<group>"; };
		61D9B1E91F05BDDB0063DD04 /* MSCamera.h */ = {isa = PBXFileReference; fileEncoding = 4; lastKnownFileType = sourcecode.c.h; path = MSCamera.h; sourceTree = "<group>"; };
		61D9B1EA1F05BDDB0063DD04 /* MSCamera.m */ = {isa = PBXFileReference; fileEncoding = 4; lastKnownFileType = sourcecode.c.objc; path = MSCamera.m; sourceTree = "<group>"; };
/* End PBXFileReference section */

/* Begin PBXFrameworksBuildPhase section */
		619CFB721F38C363004FACBE /* Frameworks */ = {
			isa = PBXFrameworksBuildPhase;
			buildActionMask = 2147483647;
			files = (
				619CFB7A1F38C363004FACBE /* iMSGraphicsEngine.framework in Frameworks */,
			);
			runOnlyForDeploymentPostprocessing = 0;
		};
		61D6CDE01F32368C0021133D /* Frameworks */ = {
			isa = PBXFrameworksBuildPhase;
			buildActionMask = 2147483647;
			files = (
				61D6CDFD1F3236A90021133D /* Foundation.framework in Frameworks */,
				61D6CDFB1F3236A40021133D /* OpenGLES.framework in Frameworks */,
			);
			runOnlyForDeploymentPostprocessing = 0;
		};
/* End PBXFrameworksBuildPhase section */

/* Begin PBXGroup section */
		6122CA131EAA4EB40002F881 = {
			isa = PBXGroup;
			children = (
				615AF6E11EB8B3AF0086897F /* Shaders */,
				615AF6971EB8B3930086897F /* sourceFiles */,
				619CFB761F38C363004FACBE /* MSGraphicsEngineTests_iOS */,
				6122CA1D1EAA4EB40002F881 /* Products */,
				6122CA231EAA4EBE0002F881 /* Frameworks */,
			);
			sourceTree = "<group>";
		};
		6122CA1D1EAA4EB40002F881 /* Products */ = {
			isa = PBXGroup;
			children = (
				61D6CDE41F32368C0021133D /* iMSGraphicsEngine.framework */,
				619CFB751F38C363004FACBE /* MSGraphicsEngineTests_iOS.xctest */,
			);
			name = Products;
			sourceTree = "<group>";
		};
		6122CA231EAA4EBE0002F881 /* Frameworks */ = {
			isa = PBXGroup;
			children = (
				61D6CDE51F32368C0021133D /* iMSGraphicsEngine */,
				61D6CDFC1F3236A90021133D /* Foundation.framework */,
				617DE2891EE9734900189A63 /* XCTest.framework */,
				617DE2871EE9734400189A63 /* XCTest.framework */,
				61314EED1ED64B70001A3519 /* OpenGLES.framework */,
				61314EDC1ED64802001A3519 /* GLKit.framework */,
				6122CA241EAA4EBE0002F881 /* OpenGL.framework */,
			);
			name = Frameworks;
			sourceTree = "<group>";
		};
		615AF6971EB8B3930086897F /* sourceFiles */ = {
			isa = PBXGroup;
			children = (
				615AF6981EB8B3930086897F /* CoreEngine */,
				615AF6B31EB8B3930086897F /* Math */,
				615AF6BE1EB8B3930086897F /* Utilities */,
			);
			path = sourceFiles;
			sourceTree = "<group>";
		};
		615AF6981EB8B3930086897F /* CoreEngine */ = {
			isa = PBXGroup;
			children = (
				615AF69A1EB8B3930086897F /* Models */,
				615AF6991EB8B3930086897F /* Render */,
				615AF6A81EB8B3930086897F /* World */,
			);
			path = CoreEngine;
			sourceTree = "<group>";
		};
		615AF6991EB8B3930086897F /* Render */ = {
			isa = PBXGroup;
			children = (
				61D1E9291F0448D20038AE3D /* OpenGL */,
				615AF6A61EB8B3930086897F /* MSRender.h */,
			);
			path = Render;
			sourceTree = "<group>";
		};
		615AF69A1EB8B3930086897F /* Models */ = {
			isa = PBXGroup;
			children = (
				615AF69B1EB8B3930086897F /* Underlyings */,
				615EE8B41EFAECD9009537F9 /* MSMaterial.h */,
				615EE8B51EFAECD9009537F9 /* MSMaterial.m */,
				615EE8C01EFAFAD8009537F9 /* MSMaterialStore.h */,
				615EE8C11EFAFAD8009537F9 /* MSMaterialStore.m */,
			);
			name = Models;
			path = Render/Models;
			sourceTree = "<group>";
		};
		615AF69B1EB8B3930086897F /* Underlyings */ = {
			isa = PBXGroup;
			children = (
				61D1E9271F0443590038AE3D /* Face */,
				615AF69E1EB8B3930086897F /* MSModelFraction.h */,
				615AF69F1EB8B3930086897F /* MSModelFraction.m */,
			);
			path = Underlyings;
			sourceTree = "<group>";
		};
		615AF6A81EB8B3930086897F /* World */ = {
			isa = PBXGroup;
			children = (
				615AF6A91EB8B3930086897F /* MSWorld.h */,
				615AF6AA1EB8B3930086897F /* MSWorld.m */,
				615AF6AB1EB8B3930086897F /* PositionedObject */,
			);
			path = World;
			sourceTree = "<group>";
		};
		615AF6AB1EB8B3930086897F /* PositionedObject */ = {
			isa = PBXGroup;
			children = (
				615AF6AC1EB8B3930086897F /* general */,
				615AF6B11EB8B3930086897F /* MSPuppet.h */,
				615AF6B21EB8B3930086897F /* MSPuppet.m */,
				619A5F531EBA81460017DB89 /* MSLightSource.h */,
				619A5F541EBA81460017DB89 /* MSLightSource.m */,
				61D9B1E91F05BDDB0063DD04 /* MSCamera.h */,
				61D9B1EA1F05BDDB0063DD04 /* MSCamera.m */,
			);
			path = PositionedObject;
			sourceTree = "<group>";
		};
		615AF6AC1EB8B3930086897F /* general */ = {
			isa = PBXGroup;
			children = (
				615AF6AD1EB8B3930086897F /* MSPositionedObject.h */,
			);
			path = general;
			sourceTree = "<group>";
		};
		615AF6B31EB8B3930086897F /* Math */ = {
			isa = PBXGroup;
			children = (
				615AF6A01EB8B3930086897F /* MSTransformationManager.h */,
				615AF6A11EB8B3930086897F /* MSTransformationManager.m */,
				61EEE5DD1EB8BC2800468123 /* point */,
				615AF6B41EB8B3930086897F /* matrices */,
				615AF6B91EB8B3930086897F /* vectors */,
				619CFB831F38E1B9004FACBE /* MSMathException.h */,
				619CFB841F38E1B9004FACBE /* MSMathException.m */,
			);
			path = Math;
			sourceTree = "<group>";
		};
		615AF6B41EB8B3930086897F /* matrices */ = {
			isa = PBXGroup;
			children = (
				615AF6B51EB8B3930086897F /* MSMatrixND.h */,
				615AF6B61EB8B3930086897F /* MSMatrixND.m */,
			);
			path = matrices;
			sourceTree = "<group>";
		};
		615AF6B91EB8B3930086897F /* vectors */ = {
			isa = PBXGroup;
			children = (
				615AF6BA1EB8B3930086897F /* MSVectorND.h */,
				615AF6BB1EB8B3930086897F /* MSVectorND.m */,
			);
			path = vectors;
			sourceTree = "<group>";
		};
		615AF6BE1EB8B3930086897F /* Utilities */ = {
			isa = PBXGroup;
			children = (
				615AF6BF1EB8B3930086897F /* MSLoaderOBJ.h */,
				615AF6C01EB8B3930086897F /* MSLoaderOBJ.m */,
				615AF6C11EB8B3930086897F /* MSModelManager.h */,
				615EE8BA1EFAF1A8009537F9 /* MSLoaderMTL.h */,
				615EE8BB1EFAF1A8009537F9 /* MSLoaderMTL.m */,
			);
			path = Utilities;
			sourceTree = "<group>";
		};
		615AF6E11EB8B3AF0086897F /* Shaders */ = {
			isa = PBXGroup;
			children = (
				6120616F1F2E477D0062997A /* FShader.frag */,
				612061701F2E477D0062997A /* LightShader.frag */,
				612061711F2E477D0062997A /* VShader.vert */,
				61BCA3BD1EFDC850004FA86D /* ios_shaders_header */,
				61BCA3BE1EFDC866004FA86D /* mac_shaders_header */,
				61D9B1E61F05B9800063DD04 /* MSGraphicsConstants.h */,
			);
			path = Shaders;
			sourceTree = "<group>";
		};
		619CFB761F38C363004FACBE /* MSGraphicsEngineTests_iOS */ = {
			isa = PBXGroup;
			children = (
				619CFB821F38C3B5004FACBE /* Math */,
				619CFB771F38C363004FACBE /* MSGraphicsEngineTests_iOS.m */,
				619CFB791F38C363004FACBE /* Info.plist */,
			);
			path = MSGraphicsEngineTests_iOS;
			sourceTree = "<group>";
		};
		619CFB821F38C3B5004FACBE /* Math */ = {
			isa = PBXGroup;
			children = (
				619CFB801F38C38B004FACBE /* MSVectorND_Tests.m */,
				619CFB881F3907A8004FACBE /* MSPoint_Tests.m */,
			);
			name = Math;
			sourceTree = "<group>";
		};
		61D1E9261F0443490038AE3D /* Vertex */ = {
			isa = PBXGroup;
			children = (
				615AF6A21EB8B3930086897F /* MSVertexData.h */,
				615AF6A31EB8B3930086897F /* MSVertexData.m */,
			);
			name = Vertex;
			sourceTree = "<group>";
		};
		61D1E9271F0443590038AE3D /* Face */ = {
			isa = PBXGroup;
			children = (
				61D1E9261F0443490038AE3D /* Vertex */,
				615AF69C1EB8B3930086897F /* MSModelFace.h */,
				615AF69D1EB8B3930086897F /* MSModelFace.m */,
			);
			name = Face;
			sourceTree = "<group>";
		};
		61D1E9291F0448D20038AE3D /* OpenGL */ = {
			isa = PBXGroup;
			children = (
				615AF6A41EB8B3930086897F /* MSEngineUtility.h */,
				615AF6A51EB8B3930086897F /* MSEngineUtility.m */,
				61D1E92A1F0448F40038AE3D /* MSRenderOpenGL.h */,
				61D1E92B1F0448F40038AE3D /* MSRenderOpenGL.mm */,
				61D1E9311F044F6B0038AE3D /* MSDrawableFraction.h */,
				61D1E9321F044F6B0038AE3D /* MSDrawableFraction.m */,
			);
			name = OpenGL;
			sourceTree = "<group>";
		};
		61D6CDE51F32368C0021133D /* iMSGraphicsEngine */ = {
			isa = PBXGroup;
			children = (
				61D6CDE61F32368C0021133D /* iMSGraphicsEngine.h */,
				61D6CDE71F32368C0021133D /* Info.plist */,
			);
			path = iMSGraphicsEngine;
			sourceTree = "<group>";
		};
		61EEE5DD1EB8BC2800468123 /* point */ = {
			isa = PBXGroup;
			children = (
				615AF6B71EB8B3930086897F /* MSPoint.h */,
				615AF6B81EB8B3930086897F /* MSPoint.m */,
			);
			name = point;
			sourceTree = "<group>";
		};
/* End PBXGroup section */

/* Begin PBXHeadersBuildPhase section */
		61D6CDE11F32368C0021133D /* Headers */ = {
			isa = PBXHeadersBuildPhase;
			buildActionMask = 2147483647;
			files = (
				61D6CDF41F32368D0021133D /* iMSGraphicsEngine.h in Headers */,
				61D6CE601F323F5A0021133D /* MSGraphicsConstants.h in Headers */,
				61D6CE611F323F5A0021133D /* MSVertexData.h in Headers */,
				61D6CE621F323F5A0021133D /* MSModelFace.h in Headers */,
				61D6CE631F323F5A0021133D /* MSModelFraction.h in Headers */,
				61D6CE641F323F5A0021133D /* MSMaterial.h in Headers */,
				61D6CE651F323F5A0021133D /* MSMaterialStore.h in Headers */,
				61D6CE661F323F5A0021133D /* MSRenderOpenGL.h in Headers */,
				61D6CE671F323F5A0021133D /* MSDrawableFraction.h in Headers */,
				61D6CE681F323F5A0021133D /* MSEngineUtility.h in Headers */,
				61D6CE691F323F5A0021133D /* MSRender.h in Headers */,
				61D6CE6A1F323F5A0021133D /* MSWorld.h in Headers */,
				61D6CE6B1F323F5A0021133D /* MSPositionedObject.h in Headers */,
				61D6CE6C1F323F5A0021133D /* MSPuppet.h in Headers */,
				61D6CE6D1F323F5A0021133D /* MSLightSource.h in Headers */,
				61D6CE6E1F323F5A0021133D /* MSCamera.h in Headers */,
				61D6CE6F1F323F5A0021133D /* MSTransformationManager.h in Headers */,
				61D6CE701F323F5A0021133D /* MSPoint.h in Headers */,
				61D6CE711F323F5A0021133D /* MSMatrixND.h in Headers */,
				61D6CE721F323F5A0021133D /* MSVectorND.h in Headers */,
				61D6CE731F323F5A0021133D /* MSLoaderOBJ.h in Headers */,
				61D6CE741F323F5A0021133D /* MSModelManager.h in Headers */,
				619CFB851F38E1B9004FACBE /* MSMathException.h in Headers */,
				61D6CE751F323F5A0021133D /* MSLoaderMTL.h in Headers */,
			);
			runOnlyForDeploymentPostprocessing = 0;
		};
/* End PBXHeadersBuildPhase section */

/* Begin PBXNativeTarget section */
		619CFB741F38C363004FACBE /* MSGraphicsEngineTests_iOS */ = {
			isa = PBXNativeTarget;
			buildConfigurationList = 619CFB7D1F38C363004FACBE /* Build configuration list for PBXNativeTarget "MSGraphicsEngineTests_iOS" */;
			buildPhases = (
				619CFB711F38C363004FACBE /* Sources */,
				619CFB721F38C363004FACBE /* Frameworks */,
				619CFB731F38C363004FACBE /* Resources */,
			);
			buildRules = (
			);
			dependencies = (
				619CFB7C1F38C363004FACBE /* PBXTargetDependency */,
			);
			name = MSGraphicsEngineTests_iOS;
			productName = MSGraphicsEngineTests_iOS;
			productReference = 619CFB751F38C363004FACBE /* MSGraphicsEngineTests_iOS.xctest */;
			productType = "com.apple.product-type.bundle.unit-test";
		};
		61D6CDE31F32368C0021133D /* iMSGraphicsEngine */ = {
			isa = PBXNativeTarget;
			buildConfigurationList = 61D6CDF91F32368D0021133D /* Build configuration list for PBXNativeTarget "iMSGraphicsEngine" */;
			buildPhases = (
				61D6CDDF1F32368C0021133D /* Sources */,
				61D6CDE01F32368C0021133D /* Frameworks */,
				61D6CDE11F32368C0021133D /* Headers */,
				61D6CDE21F32368C0021133D /* Resources */,
			);
			buildRules = (
			);
			dependencies = (
			);
			name = iMSGraphicsEngine;
			productName = iMSGraphicsEngine;
			productReference = 61D6CDE41F32368C0021133D /* iMSGraphicsEngine.framework */;
			productType = "com.apple.product-type.framework";
		};
/* End PBXNativeTarget section */

/* Begin PBXProject section */
		6122CA141EAA4EB40002F881 /* Project object */ = {
			isa = PBXProject;
			attributes = {
				LastUpgradeCheck = 0830;
				ORGANIZATIONNAME = "Mateusz Stompór";
				TargetAttributes = {
					619CFB741F38C363004FACBE = {
						CreatedOnToolsVersion = 8.3.3;
						DevelopmentTeam = R78NEXF6E2;
						ProvisioningStyle = Automatic;
					};
					61D6CDE31F32368C0021133D = {
						CreatedOnToolsVersion = 8.3.3;
						DevelopmentTeam = R78NEXF6E2;
						ProvisioningStyle = Automatic;
					};
				};
			};
			buildConfigurationList = 6122CA171EAA4EB40002F881 /* Build configuration list for PBXProject "MSGraphicsEngine" */;
			compatibilityVersion = "Xcode 3.2";
			developmentRegion = English;
			hasScannedForEncodings = 0;
			knownRegions = (
				en,
			);
			mainGroup = 6122CA131EAA4EB40002F881;
			productRefGroup = 6122CA1D1EAA4EB40002F881 /* Products */;
			projectDirPath = "";
			projectRoot = "";
			targets = (
				61D6CDE31F32368C0021133D /* iMSGraphicsEngine */,
				619CFB741F38C363004FACBE /* MSGraphicsEngineTests_iOS */,
			);
		};
/* End PBXProject section */

/* Begin PBXResourcesBuildPhase section */
		619CFB731F38C363004FACBE /* Resources */ = {
			isa = PBXResourcesBuildPhase;
			buildActionMask = 2147483647;
			files = (
			);
			runOnlyForDeploymentPostprocessing = 0;
		};
		61D6CDE21F32368C0021133D /* Resources */ = {
			isa = PBXResourcesBuildPhase;
			buildActionMask = 2147483647;
			files = (
				61D6CE8A1F323F800021133D /* FShader.frag in Resources */,
				61D6CE8B1F323F800021133D /* LightShader.frag in Resources */,
				61D6CE8C1F323F800021133D /* VShader.vert in Resources */,
				61D6CE8D1F323F800021133D /* ios_shaders_header in Resources */,
				61D6CE8E1F323F800021133D /* mac_shaders_header in Resources */,
				61D6CE8F1F323F800021133D /* MSGraphicsConstants.h in Resources */,
			);
			runOnlyForDeploymentPostprocessing = 0;
		};
/* End PBXResourcesBuildPhase section */

/* Begin PBXSourcesBuildPhase section */
		619CFB711F38C363004FACBE /* Sources */ = {
			isa = PBXSourcesBuildPhase;
			buildActionMask = 2147483647;
			files = (
				619CFB8A1F390992004FACBE /* MSPoint_Tests.m in Sources */,
				619CFB811F38C38B004FACBE /* MSVectorND_Tests.m in Sources */,
				619CFB781F38C363004FACBE /* MSGraphicsEngineTests_iOS.m in Sources */,
			);
			runOnlyForDeploymentPostprocessing = 0;
		};
		61D6CDDF1F32368C0021133D /* Sources */ = {
			isa = PBXSourcesBuildPhase;
			buildActionMask = 2147483647;
			files = (
				61D6CE761F323F660021133D /* MSVertexData.m in Sources */,
				61D6CE771F323F660021133D /* MSModelFace.m in Sources */,
				61D6CE781F323F660021133D /* MSModelFraction.m in Sources */,
				61D6CE791F323F660021133D /* MSMaterial.m in Sources */,
				61D6CE7A1F323F660021133D /* MSMaterialStore.m in Sources */,
				619CFB861F38E1B9004FACBE /* MSMathException.m in Sources */,
				61D6CE7B1F323F660021133D /* MSRenderOpenGL.mm in Sources */,
				61D6CE7C1F323F660021133D /* MSDrawableFraction.m in Sources */,
				61D6CE7D1F323F660021133D /* MSEngineUtility.m in Sources */,
				61D6CE7E1F323F660021133D /* MSWorld.m in Sources */,
				61D6CE7F1F323F660021133D /* MSPuppet.m in Sources */,
				61D6CE801F323F660021133D /* MSLightSource.m in Sources */,
				61D6CE811F323F660021133D /* MSCamera.m in Sources */,
				61D6CE821F323F660021133D /* MSTransformationManager.m in Sources */,
				61D6CE831F323F660021133D /* MSPoint.m in Sources */,
				61D6CE841F323F660021133D /* MSMatrixND.m in Sources */,
				61D6CE851F323F660021133D /* MSVectorND.m in Sources */,
				61D6CE861F323F660021133D /* MSLoaderOBJ.m in Sources */,
				61D6CE871F323F660021133D /* MSLoaderMTL.m in Sources */,
			);
			runOnlyForDeploymentPostprocessing = 0;
		};
/* End PBXSourcesBuildPhase section */

/* Begin PBXTargetDependency section */
		619CFB7C1F38C363004FACBE /* PBXTargetDependency */ = {
			isa = PBXTargetDependency;
			target = 61D6CDE31F32368C0021133D /* iMSGraphicsEngine */;
			targetProxy = 619CFB7B1F38C363004FACBE /* PBXContainerItemProxy */;
		};
/* End PBXTargetDependency section */

/* Begin XCBuildConfiguration section */
		6122CA1E1EAA4EB40002F881 /* Debug */ = {
			isa = XCBuildConfiguration;
			buildSettings = {
				ALWAYS_SEARCH_USER_PATHS = NO;
				CLANG_ANALYZER_NONNULL = YES;
				CLANG_ANALYZER_NUMBER_OBJECT_CONVERSION = YES_AGGRESSIVE;
				CLANG_CXX_LANGUAGE_STANDARD = "gnu++0x";
				CLANG_CXX_LIBRARY = "libc++";
				CLANG_ENABLE_MODULES = YES;
				CLANG_ENABLE_OBJC_ARC = YES;
				CLANG_WARN_BOOL_CONVERSION = YES;
				CLANG_WARN_CONSTANT_CONVERSION = YES;
				CLANG_WARN_DIRECT_OBJC_ISA_USAGE = YES_ERROR;
				CLANG_WARN_DOCUMENTATION_COMMENTS = YES;
				CLANG_WARN_EMPTY_BODY = YES;
				CLANG_WARN_ENUM_CONVERSION = YES;
				CLANG_WARN_INFINITE_RECURSION = YES;
				CLANG_WARN_INT_CONVERSION = YES;
				CLANG_WARN_OBJC_ROOT_CLASS = YES_ERROR;
				CLANG_WARN_SUSPICIOUS_MOVE = YES;
				CLANG_WARN_UNREACHABLE_CODE = YES;
				CLANG_WARN__DUPLICATE_METHOD_MATCH = YES;
				CODE_SIGN_IDENTITY = "-";
				COPY_PHASE_STRIP = NO;
				DEBUG_INFORMATION_FORMAT = dwarf;
				ENABLE_STRICT_OBJC_MSGSEND = YES;
				ENABLE_TESTABILITY = YES;
				GCC_C_LANGUAGE_STANDARD = gnu99;
				GCC_DYNAMIC_NO_PIC = NO;
				GCC_NO_COMMON_BLOCKS = YES;
				GCC_OPTIMIZATION_LEVEL = 0;
				GCC_PREPROCESSOR_DEFINITIONS = (
					"DEBUG=1",
					"$(inherited)",
				);
				GCC_WARN_64_TO_32_BIT_CONVERSION = YES;
				GCC_WARN_ABOUT_RETURN_TYPE = YES_ERROR;
				GCC_WARN_UNDECLARED_SELECTOR = YES;
				GCC_WARN_UNINITIALIZED_AUTOS = YES_AGGRESSIVE;
				GCC_WARN_UNUSED_FUNCTION = YES;
				GCC_WARN_UNUSED_VARIABLE = YES;
				MACOSX_DEPLOYMENT_TARGET = 10.12;
				MTL_ENABLE_DEBUG_INFO = YES;
				ONLY_ACTIVE_ARCH = YES;
				SDKROOT = macosx;
			};
			name = Debug;
		};
		6122CA1F1EAA4EB40002F881 /* Release */ = {
			isa = XCBuildConfiguration;
			buildSettings = {
				ALWAYS_SEARCH_USER_PATHS = NO;
				CLANG_ANALYZER_NONNULL = YES;
				CLANG_ANALYZER_NUMBER_OBJECT_CONVERSION = YES_AGGRESSIVE;
				CLANG_CXX_LANGUAGE_STANDARD = "gnu++0x";
				CLANG_CXX_LIBRARY = "libc++";
				CLANG_ENABLE_MODULES = YES;
				CLANG_ENABLE_OBJC_ARC = YES;
				CLANG_WARN_BOOL_CONVERSION = YES;
				CLANG_WARN_CONSTANT_CONVERSION = YES;
				CLANG_WARN_DIRECT_OBJC_ISA_USAGE = YES_ERROR;
				CLANG_WARN_DOCUMENTATION_COMMENTS = YES;
				CLANG_WARN_EMPTY_BODY = YES;
				CLANG_WARN_ENUM_CONVERSION = YES;
				CLANG_WARN_INFINITE_RECURSION = YES;
				CLANG_WARN_INT_CONVERSION = YES;
				CLANG_WARN_OBJC_ROOT_CLASS = YES_ERROR;
				CLANG_WARN_SUSPICIOUS_MOVE = YES;
				CLANG_WARN_UNREACHABLE_CODE = YES;
				CLANG_WARN__DUPLICATE_METHOD_MATCH = YES;
				CODE_SIGN_IDENTITY = "-";
				COPY_PHASE_STRIP = NO;
				DEBUG_INFORMATION_FORMAT = "dwarf-with-dsym";
				ENABLE_NS_ASSERTIONS = NO;
				ENABLE_STRICT_OBJC_MSGSEND = YES;
				GCC_C_LANGUAGE_STANDARD = gnu99;
				GCC_NO_COMMON_BLOCKS = YES;
				GCC_WARN_64_TO_32_BIT_CONVERSION = YES;
				GCC_WARN_ABOUT_RETURN_TYPE = YES_ERROR;
				GCC_WARN_UNDECLARED_SELECTOR = YES;
				GCC_WARN_UNINITIALIZED_AUTOS = YES_AGGRESSIVE;
				GCC_WARN_UNUSED_FUNCTION = YES;
				GCC_WARN_UNUSED_VARIABLE = YES;
				MACOSX_DEPLOYMENT_TARGET = 10.12;
				MTL_ENABLE_DEBUG_INFO = NO;
				SDKROOT = macosx;
			};
			name = Release;
		};
		619CFB7E1F38C363004FACBE /* Debug */ = {
			isa = XCBuildConfiguration;
			buildSettings = {
				"CODE_SIGN_IDENTITY[sdk=iphoneos*]" = "iPhone Developer";
				DEVELOPMENT_TEAM = R78NEXF6E2;
				INFOPLIST_FILE = MSGraphicsEngineTests_iOS/Info.plist;
				IPHONEOS_DEPLOYMENT_TARGET = 10.3;
				LD_RUNPATH_SEARCH_PATHS = "$(inherited) @executable_path/Frameworks @loader_path/Frameworks";
				PRODUCT_BUNDLE_IDENTIFIER = "com.stompor.mateusz.MSGraphicsEngineTests-iOS";
				PRODUCT_NAME = "$(TARGET_NAME)";
				SDKROOT = iphoneos;
			};
			name = Debug;
		};
		619CFB7F1F38C363004FACBE /* Release */ = {
			isa = XCBuildConfiguration;
			buildSettings = {
				"CODE_SIGN_IDENTITY[sdk=iphoneos*]" = "iPhone Developer";
				DEVELOPMENT_TEAM = R78NEXF6E2;
				INFOPLIST_FILE = MSGraphicsEngineTests_iOS/Info.plist;
				IPHONEOS_DEPLOYMENT_TARGET = 10.3;
				LD_RUNPATH_SEARCH_PATHS = "$(inherited) @executable_path/Frameworks @loader_path/Frameworks";
				PRODUCT_BUNDLE_IDENTIFIER = "com.stompor.mateusz.MSGraphicsEngineTests-iOS";
				PRODUCT_NAME = "$(TARGET_NAME)";
				SDKROOT = iphoneos;
				VALIDATE_PRODUCT = YES;
			};
			name = Release;
		};
		61D6CDF51F32368D0021133D /* Debug */ = {
			isa = XCBuildConfiguration;
			buildSettings = {
				CODE_SIGN_IDENTITY = "";
				"CODE_SIGN_IDENTITY[sdk=iphoneos*]" = "iPhone Developer";
				CURRENT_PROJECT_VERSION = 1;
				DEFINES_MODULE = YES;
				DEVELOPMENT_TEAM = R78NEXF6E2;
				DYLIB_COMPATIBILITY_VERSION = 1;
				DYLIB_CURRENT_VERSION = 1;
				DYLIB_INSTALL_NAME_BASE = "@rpath";
				GCC_PREPROCESSOR_DEFINITIONS = (
					"DEBUG=1",
					"$(inherited)",
					"iOS=1",
				);
				INFOPLIST_FILE = iMSGraphicsEngine/Info.plist;
				INSTALL_PATH = "$(LOCAL_LIBRARY_DIR)/Frameworks";
				IPHONEOS_DEPLOYMENT_TARGET = 10.3;
				LD_RUNPATH_SEARCH_PATHS = "$(inherited) @executable_path/Frameworks @loader_path/Frameworks";
				PRODUCT_BUNDLE_IDENTIFIER = com.stompor.mateusz.iMSGraphicsEngine;
				PRODUCT_NAME = "$(TARGET_NAME)";
				SDKROOT = iphoneos;
				SKIP_INSTALL = YES;
				TARGETED_DEVICE_FAMILY = "1,2";
				VERSIONING_SYSTEM = "apple-generic";
				VERSION_INFO_PREFIX = "";
			};
			name = Debug;
		};
		61D6CDF61F32368D0021133D /* Release */ = {
			isa = XCBuildConfiguration;
			buildSettings = {
				CODE_SIGN_IDENTITY = "";
				"CODE_SIGN_IDENTITY[sdk=iphoneos*]" = "iPhone Developer";
				CURRENT_PROJECT_VERSION = 1;
				DEFINES_MODULE = YES;
				DEVELOPMENT_TEAM = R78NEXF6E2;
				DYLIB_COMPATIBILITY_VERSION = 1;
				DYLIB_CURRENT_VERSION = 1;
				DYLIB_INSTALL_NAME_BASE = "@rpath";
				GCC_PREPROCESSOR_DEFINITIONS = "iOS=1";
				INFOPLIST_FILE = iMSGraphicsEngine/Info.plist;
				INSTALL_PATH = "$(LOCAL_LIBRARY_DIR)/Frameworks";
				IPHONEOS_DEPLOYMENT_TARGET = 10.3;
				LD_RUNPATH_SEARCH_PATHS = "$(inherited) @executable_path/Frameworks @loader_path/Frameworks";
				PRODUCT_BUNDLE_IDENTIFIER = com.stompor.mateusz.iMSGraphicsEngine;
				PRODUCT_NAME = "$(TARGET_NAME)";
				SDKROOT = iphoneos;
				SKIP_INSTALL = YES;
				TARGETED_DEVICE_FAMILY = "1,2";
				VALIDATE_PRODUCT = YES;
				VERSIONING_SYSTEM = "apple-generic";
				VERSION_INFO_PREFIX = "";
			};
			name = Release;
		};
/* End XCBuildConfiguration section */

/* Begin XCConfigurationList section */
		6122CA171EAA4EB40002F881 /* Build configuration list for PBXProject "MSGraphicsEngine" */ = {
			isa = XCConfigurationList;
			buildConfigurations = (
				6122CA1E1EAA4EB40002F881 /* Debug */,
				6122CA1F1EAA4EB40002F881 /* Release */,
			);
			defaultConfigurationIsVisible = 0;
			defaultConfigurationName = Release;
		};
		619CFB7D1F38C363004FACBE /* Build configuration list for PBXNativeTarget "MSGraphicsEngineTests_iOS" */ = {
			isa = XCConfigurationList;
			buildConfigurations = (
				619CFB7E1F38C363004FACBE /* Debug */,
				619CFB7F1F38C363004FACBE /* Release */,
			);
			defaultConfigurationIsVisible = 0;
			defaultConfigurationName = Release;
		};
		61D6CDF91F32368D0021133D /* Build configuration list for PBXNativeTarget "iMSGraphicsEngine" */ = {
			isa = XCConfigurationList;
			buildConfigurations = (
				61D6CDF51F32368D0021133D /* Debug */,
				61D6CDF61F32368D0021133D /* Release */,
			);
			defaultConfigurationIsVisible = 0;
			defaultConfigurationName = Release;
		};
/* End XCConfigurationList section */
	};
	rootObject = 6122CA141EAA4EB40002F881 /* Project object */;
}
