// !$*UTF8*$!
{
	archiveVersion = 1;
	classes = {
	};
	objectVersion = 46;
	objects = {

/* Begin PBXBuildFile section */
		6104CF091F324723000547D8 /* classroom.obj in Resources */ = {isa = PBXBuildFile; fileRef = 6104CF061F32471A000547D8 /* classroom.obj */; };
		6104CF0A1F324723000547D8 /* simpleCube.obj in Resources */ = {isa = PBXBuildFile; fileRef = 6104CF071F32471A000547D8 /* simpleCube.obj */; };
		6104CF181F3250F6000547D8 /* iMSGraphicsEngine.framework in Embed Frameworks */ = {isa = PBXBuildFile; fileRef = 6104CF011F3245C8000547D8 /* iMSGraphicsEngine.framework */; settings = {ATTRIBUTES = (CodeSignOnCopy, RemoveHeadersOnCopy, ); }; };
		615A8C401F68789300BD93AB /* InitialViewController.swift in Sources */ = {isa = PBXBuildFile; fileRef = 615A8C3F1F68789300BD93AB /* InitialViewController.swift */; };
		615D78A61F588CB900EAE383 /* classroom.mtl in Resources */ = {isa = PBXBuildFile; fileRef = 615D78A51F588CB900EAE383 /* classroom.mtl */; };
		615D78B21F589E9900EAE383 /* base_bareMetal.bmp in Resources */ = {isa = PBXBuildFile; fileRef = 6140D1351F5878CD005A122C /* base_bareMetal.bmp */; };
		615D78B31F589E9900EAE383 /* base_brightWood.bmp in Resources */ = {isa = PBXBuildFile; fileRef = 6140D1361F5878CD005A122C /* base_brightWood.bmp */; };
		615D78B41F589E9900EAE383 /* base_brownWood.bmp in Resources */ = {isa = PBXBuildFile; fileRef = 6140D1371F5878CD005A122C /* base_brownWood.bmp */; };
		615D78B51F589E9900EAE383 /* base_darkWood.bmp in Resources */ = {isa = PBXBuildFile; fileRef = 6140D1381F5878CD005A122C /* base_darkWood.bmp */; };
		615D78B61F589E9900EAE383 /* base_wallPaint.bmp in Resources */ = {isa = PBXBuildFile; fileRef = 6140D1391F5878CD005A122C /* base_wallPaint.bmp */; };
		615D78B71F589E9900EAE383 /* base_woodFloor.bmp in Resources */ = {isa = PBXBuildFile; fileRef = 6140D13A1F5878CD005A122C /* base_woodFloor.bmp */; };
		615D78B81F589E9900EAE383 /* blackBoard.bmp in Resources */ = {isa = PBXBuildFile; fileRef = 6140D13B1F5878CD005A122C /* blackBoard.bmp */; };
		615D78BA1F589E9900EAE383 /* cork.bmp in Resources */ = {isa = PBXBuildFile; fileRef = 6140D13D1F5878CD005A122C /* cork.bmp */; };
		615D78BB1F589E9900EAE383 /* europeMap.bmp in Resources */ = {isa = PBXBuildFile; fileRef = 6140D13E1F5878CD005A122C /* europeMap.bmp */; };
		615D78BC1F589E9900EAE383 /* glass.bmp in Resources */ = {isa = PBXBuildFile; fileRef = 6140D13F1F5878CD005A122C /* glass.bmp */; };
		615D78BD1F589E9900EAE383 /* wallClock.bmp in Resources */ = {isa = PBXBuildFile; fileRef = 6140D1401F5878CD005A122C /* wallClock.bmp */; };
		615D78BE1F589E9900EAE383 /* woodPlanks.bmp in Resources */ = {isa = PBXBuildFile; fileRef = 6140D1411F5878CD005A122C /* woodPlanks.bmp */; };
		617CA63A1F352EE30096F1DD /* JoystickView.swift in Sources */ = {isa = PBXBuildFile; fileRef = 617CA6391F352EE30096F1DD /* JoystickView.swift */; };
		6182B4F91F9009B4008C5817 /* TouchHandler.m in Sources */ = {isa = PBXBuildFile; fileRef = 6182B4F81F9009B4008C5817 /* TouchHandler.m */; };
		6182B4FD1F90DFBD008C5817 /* GyroHandler.m in Sources */ = {isa = PBXBuildFile; fileRef = 6182B4FC1F90DFBD008C5817 /* GyroHandler.m */; };
		61D3C7971F8017D9008ED22B /* Fabric.framework in Frameworks */ = {isa = PBXBuildFile; fileRef = 61D3C7951F8017D9008ED22B /* Fabric.framework */; };
		61D3C7981F8017D9008ED22B /* Crashlytics.framework in Frameworks */ = {isa = PBXBuildFile; fileRef = 61D3C7961F8017D9008ED22B /* Crashlytics.framework */; };
		61D6CE0E1F3237490021133D /* main.m in Sources */ = {isa = PBXBuildFile; fileRef = 61D6CE0D1F3237490021133D /* main.m */; };
		61D6CE111F3237490021133D /* AppDelegate.m in Sources */ = {isa = PBXBuildFile; fileRef = 61D6CE101F3237490021133D /* AppDelegate.m */; };
		61D6CE141F3237490021133D /* RenderViewController.m in Sources */ = {isa = PBXBuildFile; fileRef = 61D6CE131F3237490021133D /* RenderViewController.m */; };
		61D6CE171F3237490021133D /* Main.storyboard in Resources */ = {isa = PBXBuildFile; fileRef = 61D6CE151F3237490021133D /* Main.storyboard */; };
		61D6CE191F3237490021133D /* Assets.xcassets in Resources */ = {isa = PBXBuildFile; fileRef = 61D6CE181F3237490021133D /* Assets.xcassets */; };
		61D6CE1C1F3237490021133D /* LaunchScreen.storyboard in Resources */ = {isa = PBXBuildFile; fileRef = 61D6CE1A1F3237490021133D /* LaunchScreen.storyboard */; };
		61D6CE941F3241740021133D /* GLKit.framework in Frameworks */ = {isa = PBXBuildFile; fileRef = 61D6CE931F3241740021133D /* GLKit.framework */; };
		61D6CE971F3241A30021133D /* RenderView.m in Sources */ = {isa = PBXBuildFile; fileRef = 61D6CE961F3241A30021133D /* RenderView.m */; };
/* End PBXBuildFile section */

/* Begin PBXContainerItemProxy section */
		6104CF001F3245C8000547D8 /* PBXContainerItemProxy */ = {
			isa = PBXContainerItemProxy;
			containerPortal = 6104CEF01F3245C8000547D8 /* MSGraphicsEngine.xcodeproj */;
			proxyType = 2;
			remoteGlobalIDString = 61D6CDE41F32368C0021133D;
			remoteInfo = iMSGraphicsEngine;
		};
		6104CF021F3245D5000547D8 /* PBXContainerItemProxy */ = {
			isa = PBXContainerItemProxy;
			containerPortal = 6104CEF01F3245C8000547D8 /* MSGraphicsEngine.xcodeproj */;
			proxyType = 1;
			remoteGlobalIDString = 61D6CDE31F32368C0021133D;
			remoteInfo = iMSGraphicsEngine;
		};
		6140D1511F5878CE005A122C /* PBXContainerItemProxy */ = {
			isa = PBXContainerItemProxy;
			containerPortal = 6104CEF01F3245C8000547D8 /* MSGraphicsEngine.xcodeproj */;
			proxyType = 2;
			remoteGlobalIDString = 6101C86A1F3CC9E30011117A;
			remoteInfo = macMSGraphicsEngine;
		};
		6140D1531F5878CE005A122C /* PBXContainerItemProxy */ = {
			isa = PBXContainerItemProxy;
			containerPortal = 6104CEF01F3245C8000547D8 /* MSGraphicsEngine.xcodeproj */;
			proxyType = 2;
			remoteGlobalIDString = 6125684D1F3FBC3F00ED5962;
			remoteInfo = macMSGraphicsEngineTests;
		};
/* End PBXContainerItemProxy section */

/* Begin PBXCopyFilesBuildPhase section */
		61D6CE4A1F323E720021133D /* Embed Frameworks */ = {
			isa = PBXCopyFilesBuildPhase;
			buildActionMask = 2147483647;
			dstPath = "";
			dstSubfolderSpec = 10;
			files = (
				6104CF181F3250F6000547D8 /* iMSGraphicsEngine.framework in Embed Frameworks */,
			);
			name = "Embed Frameworks";
			runOnlyForDeploymentPostprocessing = 0;
		};
/* End PBXCopyFilesBuildPhase section */

/* Begin PBXFileReference section */
		6104CEF01F3245C8000547D8 /* MSGraphicsEngine.xcodeproj */ = {isa = PBXFileReference; lastKnownFileType = "wrapper.pb-project"; name = MSGraphicsEngine.xcodeproj; path = ../MSGraphicsEngine.xcodeproj; sourceTree = "<group>"; };
		6104CF061F32471A000547D8 /* classroom.obj */ = {isa = PBXFileReference; lastKnownFileType = text; path = classroom.obj; sourceTree = "<group>"; };
		6104CF071F32471A000547D8 /* simpleCube.obj */ = {isa = PBXFileReference; lastKnownFileType = text; path = simpleCube.obj; sourceTree = "<group>"; };
		6140D1351F5878CD005A122C /* base_bareMetal.bmp */ = {isa = PBXFileReference; lastKnownFileType = image.bmp; name = base_bareMetal.bmp; path = ../Textures/base_bareMetal.bmp; sourceTree = "<group>"; };
		6140D1361F5878CD005A122C /* base_brightWood.bmp */ = {isa = PBXFileReference; lastKnownFileType = image.bmp; name = base_brightWood.bmp; path = ../Textures/base_brightWood.bmp; sourceTree = "<group>"; };
		6140D1371F5878CD005A122C /* base_brownWood.bmp */ = {isa = PBXFileReference; lastKnownFileType = image.bmp; name = base_brownWood.bmp; path = ../Textures/base_brownWood.bmp; sourceTree = "<group>"; };
		6140D1381F5878CD005A122C /* base_darkWood.bmp */ = {isa = PBXFileReference; lastKnownFileType = image.bmp; name = base_darkWood.bmp; path = ../Textures/base_darkWood.bmp; sourceTree = "<group>"; };
		6140D1391F5878CD005A122C /* base_wallPaint.bmp */ = {isa = PBXFileReference; lastKnownFileType = image.bmp; name = base_wallPaint.bmp; path = ../Textures/base_wallPaint.bmp; sourceTree = "<group>"; };
		6140D13A1F5878CD005A122C /* base_woodFloor.bmp */ = {isa = PBXFileReference; lastKnownFileType = image.bmp; name = base_woodFloor.bmp; path = ../Textures/base_woodFloor.bmp; sourceTree = "<group>"; };
		6140D13B1F5878CD005A122C /* blackBoard.bmp */ = {isa = PBXFileReference; lastKnownFileType = image.bmp; name = blackBoard.bmp; path = ../Textures/blackBoard.bmp; sourceTree = "<group>"; };
		6140D13D1F5878CD005A122C /* cork.bmp */ = {isa = PBXFileReference; lastKnownFileType = image.bmp; name = cork.bmp; path = ../Textures/cork.bmp; sourceTree = "<group>"; };
		6140D13E1F5878CD005A122C /* europeMap.bmp */ = {isa = PBXFileReference; lastKnownFileType = image.bmp; name = europeMap.bmp; path = ../Textures/europeMap.bmp; sourceTree = "<group>"; };
		6140D13F1F5878CD005A122C /* glass.bmp */ = {isa = PBXFileReference; lastKnownFileType = image.bmp; name = glass.bmp; path = ../Textures/glass.bmp; sourceTree = "<group>"; };
		6140D1401F5878CD005A122C /* wallClock.bmp */ = {isa = PBXFileReference; lastKnownFileType = image.bmp; name = wallClock.bmp; path = ../Textures/wallClock.bmp; sourceTree = "<group>"; };
		6140D1411F5878CD005A122C /* woodPlanks.bmp */ = {isa = PBXFileReference; lastKnownFileType = image.bmp; name = woodPlanks.bmp; path = ../Textures/woodPlanks.bmp; sourceTree = "<group>"; };
		615A8C3F1F68789300BD93AB /* InitialViewController.swift */ = {isa = PBXFileReference; lastKnownFileType = sourcecode.swift; name = InitialViewController.swift; path = Controllers/InitialViewController.swift; sourceTree = "<group>"; };
		615D78A51F588CB900EAE383 /* classroom.mtl */ = {isa = PBXFileReference; fileEncoding = 4; lastKnownFileType = text; path = classroom.mtl; sourceTree = "<group>"; };
		617CA6381F352EE20096F1DD /* MSEngineTestApp-Bridging-Header.h */ = {isa = PBXFileReference; lastKnownFileType = sourcecode.c.h; path = "MSEngineTestApp-Bridging-Header.h"; sourceTree = "<group>"; };
		617CA6391F352EE30096F1DD /* JoystickView.swift */ = {isa = PBXFileReference; fileEncoding = 4; lastKnownFileType = sourcecode.swift; path = JoystickView.swift; sourceTree = "<group>"; };
		6182B4F41F90084F008C5817 /* Rotator.h */ = {isa = PBXFileReference; lastKnownFileType = sourcecode.c.h; path = Rotator.h; sourceTree = "<group>"; };
		6182B4F71F9009B4008C5817 /* TouchHandler.h */ = {isa = PBXFileReference; lastKnownFileType = sourcecode.c.h; path = TouchHandler.h; sourceTree = "<group>"; };
		6182B4F81F9009B4008C5817 /* TouchHandler.m */ = {isa = PBXFileReference; lastKnownFileType = sourcecode.c.objc; path = TouchHandler.m; sourceTree = "<group>"; };
		6182B4FB1F90DFBD008C5817 /* GyroHandler.h */ = {isa = PBXFileReference; lastKnownFileType = sourcecode.c.h; name = GyroHandler.h; path = UserInteractionsHandlers/GyroHandler.h; sourceTree = "<group>"; };
		6182B4FC1F90DFBD008C5817 /* GyroHandler.m */ = {isa = PBXFileReference; lastKnownFileType = sourcecode.c.objc; name = GyroHandler.m; path = UserInteractionsHandlers/GyroHandler.m; sourceTree = "<group>"; };
		61D3C7951F8017D9008ED22B /* Fabric.framework */ = {isa = PBXFileReference; lastKnownFileType = wrapper.framework; name = Fabric.framework; path = Frameworks/Fabric.framework; sourceTree = "<group>"; };
		61D3C7961F8017D9008ED22B /* Crashlytics.framework */ = {isa = PBXFileReference; lastKnownFileType = wrapper.framework; name = Crashlytics.framework; path = Frameworks/Crashlytics.framework; sourceTree = "<group>"; };
		61D6CE091F3237490021133D /* MSEngineTestApp.app */ = {isa = PBXFileReference; explicitFileType = wrapper.application; includeInIndex = 0; path = MSEngineTestApp.app; sourceTree = BUILT_PRODUCTS_DIR; };
		61D6CE0D1F3237490021133D /* main.m */ = {isa = PBXFileReference; lastKnownFileType = sourcecode.c.objc; path = main.m; sourceTree = "<group>"; };
		61D6CE0F1F3237490021133D /* AppDelegate.h */ = {isa = PBXFileReference; lastKnownFileType = sourcecode.c.h; path = AppDelegate.h; sourceTree = "<group>"; };
		61D6CE101F3237490021133D /* AppDelegate.m */ = {isa = PBXFileReference; lastKnownFileType = sourcecode.c.objc; path = AppDelegate.m; sourceTree = "<group>"; };
		61D6CE121F3237490021133D /* RenderViewController.h */ = {isa = PBXFileReference; lastKnownFileType = sourcecode.c.h; path = RenderViewController.h; sourceTree = "<group>"; };
		61D6CE131F3237490021133D /* RenderViewController.m */ = {isa = PBXFileReference; lastKnownFileType = sourcecode.c.objc; path = RenderViewController.m; sourceTree = "<group>"; };
		61D6CE161F3237490021133D /* Base */ = {isa = PBXFileReference; lastKnownFileType = file.storyboard; name = Base; path = Base.lproj/Main.storyboard; sourceTree = "<group>"; };
		61D6CE181F3237490021133D /* Assets.xcassets */ = {isa = PBXFileReference; lastKnownFileType = folder.assetcatalog; path = Assets.xcassets; sourceTree = "<group>"; };
		61D6CE1B1F3237490021133D /* Base */ = {isa = PBXFileReference; lastKnownFileType = file.storyboard; name = Base; path = Base.lproj/LaunchScreen.storyboard; sourceTree = "<group>"; };
		61D6CE1D1F3237490021133D /* Info.plist */ = {isa = PBXFileReference; lastKnownFileType = text.plist.xml; path = Info.plist; sourceTree = "<group>"; };
		61D6CE901F32403F0021133D /* iMSGraphicsEngine.framework */ = {isa = PBXFileReference; lastKnownFileType = wrapper.framework; name = iMSGraphicsEngine.framework; path = "../../../../Library/Developer/Xcode/DerivedData/MSGraphicsEngine-hhctpyiclkohqpdwogujdjqbhjhc/Build/Products/Debug-iphonesimulator/iMSGraphicsEngine.framework"; sourceTree = "<group>"; };
		61D6CE931F3241740021133D /* GLKit.framework */ = {isa = PBXFileReference; lastKnownFileType = wrapper.framework; name = GLKit.framework; path = System/Library/Frameworks/GLKit.framework; sourceTree = SDKROOT; };
		61D6CE951F3241A30021133D /* RenderView.h */ = {isa = PBXFileReference; fileEncoding = 4; lastKnownFileType = sourcecode.c.h; path = RenderView.h; sourceTree = "<group>"; };
		61D6CE961F3241A30021133D /* RenderView.m */ = {isa = PBXFileReference; fileEncoding = 4; lastKnownFileType = sourcecode.c.objc; path = RenderView.m; sourceTree = "<group>"; };
/* End PBXFileReference section */

/* Begin PBXFrameworksBuildPhase section */
		61D6CE061F3237490021133D /* Frameworks */ = {
			isa = PBXFrameworksBuildPhase;
			buildActionMask = 2147483647;
			files = (
				61D6CE941F3241740021133D /* GLKit.framework in Frameworks */,
				61D3C7981F8017D9008ED22B /* Crashlytics.framework in Frameworks */,
				61D3C7971F8017D9008ED22B /* Fabric.framework in Frameworks */,
			);
			runOnlyForDeploymentPostprocessing = 0;
		};
/* End PBXFrameworksBuildPhase section */

/* Begin PBXGroup section */
		6104CEF11F3245C8000547D8 /* Products */ = {
			isa = PBXGroup;
			children = (
				6104CF011F3245C8000547D8 /* iMSGraphicsEngine.framework */,
				6140D1521F5878CE005A122C /* macMSGraphicsEngine.framework */,
				6140D1541F5878CE005A122C /* macMSGraphicsEngineTests.xctest */,
			);
			name = Products;
			sourceTree = "<group>";
		};
		6104CF041F32471A000547D8 /* 3DModels */ = {
			isa = PBXGroup;
			children = (
				615D78A51F588CB900EAE383 /* classroom.mtl */,
				6104CF061F32471A000547D8 /* classroom.obj */,
				6104CF071F32471A000547D8 /* simpleCube.obj */,
			);
			name = 3DModels;
			path = ../3DModels;
			sourceTree = "<group>";
		};
		6140D1551F5878D9005A122C /* Textures */ = {
			isa = PBXGroup;
			children = (
				6140D1351F5878CD005A122C /* base_bareMetal.bmp */,
				6140D1361F5878CD005A122C /* base_brightWood.bmp */,
				6140D1371F5878CD005A122C /* base_brownWood.bmp */,
				6140D1381F5878CD005A122C /* base_darkWood.bmp */,
				6140D1391F5878CD005A122C /* base_wallPaint.bmp */,
				6140D13A1F5878CD005A122C /* base_woodFloor.bmp */,
				6140D13B1F5878CD005A122C /* blackBoard.bmp */,
				6140D13D1F5878CD005A122C /* cork.bmp */,
				6140D13E1F5878CD005A122C /* europeMap.bmp */,
				6140D13F1F5878CD005A122C /* glass.bmp */,
				6140D1401F5878CD005A122C /* wallClock.bmp */,
				6140D1411F5878CD005A122C /* woodPlanks.bmp */,
			);
			name = Textures;
			sourceTree = "<group>";
		};
		615A8C3C1F68784700BD93AB /* InitialController */ = {
			isa = PBXGroup;
			children = (
				615A8C3F1F68789300BD93AB /* InitialViewController.swift */,
			);
			name = InitialController;
			sourceTree = "<group>";
		};
		617CA6351F352DA30096F1DD /* Storyboards */ = {
			isa = PBXGroup;
			children = (
				61D6CE151F3237490021133D /* Main.storyboard */,
				61D6CE1A1F3237490021133D /* LaunchScreen.storyboard */,
			);
			name = Storyboards;
			sourceTree = "<group>";
		};
		617CA6361F352DBB0096F1DD /* Controllers */ = {
			isa = PBXGroup;
			children = (
				6182B5001F90DFC3008C5817 /* UserInteractionsHandlers */,
				615A8C3C1F68784700BD93AB /* InitialController */,
				61D6CE121F3237490021133D /* RenderViewController.h */,
				61D6CE131F3237490021133D /* RenderViewController.m */,
			);
			name = Controllers;
			sourceTree = "<group>";
		};
		617CA6371F352DC50096F1DD /* Views */ = {
			isa = PBXGroup;
			children = (
				61D6CE951F3241A30021133D /* RenderView.h */,
				61D6CE961F3241A30021133D /* RenderView.m */,
				617CA6391F352EE30096F1DD /* JoystickView.swift */,
			);
			name = Views;
			sourceTree = "<group>";
		};
		6182B5001F90DFC3008C5817 /* UserInteractionsHandlers */ = {
			isa = PBXGroup;
			children = (
				6182B4F41F90084F008C5817 /* Rotator.h */,
				6182B4F71F9009B4008C5817 /* TouchHandler.h */,
				6182B4F81F9009B4008C5817 /* TouchHandler.m */,
				6182B4FB1F90DFBD008C5817 /* GyroHandler.h */,
				6182B4FC1F90DFBD008C5817 /* GyroHandler.m */,
			);
			name = UserInteractionsHandlers;
			sourceTree = "<group>";
		};
		61D6CE001F3237490021133D = {
			isa = PBXGroup;
			children = (
				6104CEF01F3245C8000547D8 /* MSGraphicsEngine.xcodeproj */,
				61D6CE0B1F3237490021133D /* MSEngineTestApp */,
				61D6CE0A1F3237490021133D /* Products */,
				61D6CE231F32378C0021133D /* Frameworks */,
			);
			sourceTree = "<group>";
		};
		61D6CE0A1F3237490021133D /* Products */ = {
			isa = PBXGroup;
			children = (
				61D6CE091F3237490021133D /* MSEngineTestApp.app */,
			);
			name = Products;
			sourceTree = "<group>";
		};
		61D6CE0B1F3237490021133D /* MSEngineTestApp */ = {
			isa = PBXGroup;
			children = (
				61D6CE0C1F3237490021133D /* Supporting Files */,
				617CA6371F352DC50096F1DD /* Views */,
				617CA6361F352DBB0096F1DD /* Controllers */,
				617CA6351F352DA30096F1DD /* Storyboards */,
				61D6CEAD1F3245160021133D /* Assets */,
				61D6CE0F1F3237490021133D /* AppDelegate.h */,
				61D6CE101F3237490021133D /* AppDelegate.m */,
				617CA6381F352EE20096F1DD /* MSEngineTestApp-Bridging-Header.h */,
				61D6CE1D1F3237490021133D /* Info.plist */,
			);
			path = MSEngineTestApp;
			sourceTree = "<group>";
		};
		61D6CE0C1F3237490021133D /* Supporting Files */ = {
			isa = PBXGroup;
			children = (
				61D6CE0D1F3237490021133D /* main.m */,
			);
			name = "Supporting Files";
			sourceTree = "<group>";
		};
		61D6CE231F32378C0021133D /* Frameworks */ = {
			isa = PBXGroup;
			children = (
				61D3C7961F8017D9008ED22B /* Crashlytics.framework */,
				61D3C7951F8017D9008ED22B /* Fabric.framework */,
				61D6CE931F3241740021133D /* GLKit.framework */,
				61D6CE901F32403F0021133D /* iMSGraphicsEngine.framework */,
			);
			name = Frameworks;
			sourceTree = "<group>";
		};
		61D6CEAD1F3245160021133D /* Assets */ = {
			isa = PBXGroup;
			children = (
				6140D1551F5878D9005A122C /* Textures */,
				61D6CE181F3237490021133D /* Assets.xcassets */,
				6104CF041F32471A000547D8 /* 3DModels */,
			);
			name = Assets;
			sourceTree = "<group>";
		};
/* End PBXGroup section */

/* Begin PBXNativeTarget section */
		61D6CE081F3237490021133D /* MSEngineTestApp */ = {
			isa = PBXNativeTarget;
			buildConfigurationList = 61D6CE201F3237490021133D /* Build configuration list for PBXNativeTarget "MSEngineTestApp" */;
			buildPhases = (
				61D6CE051F3237490021133D /* Sources */,
				61D6CE061F3237490021133D /* Frameworks */,
				61D6CE071F3237490021133D /* Resources */,
				61D6CE4A1F323E720021133D /* Embed Frameworks */,
				6131FFAC1F8011B50008023A /* ShellScript */,
			);
			buildRules = (
			);
			dependencies = (
				6104CF031F3245D5000547D8 /* PBXTargetDependency */,
			);
			name = MSEngineTestApp;
			productName = MSEngineTestApp;
			productReference = 61D6CE091F3237490021133D /* MSEngineTestApp.app */;
			productType = "com.apple.product-type.application";
		};
/* End PBXNativeTarget section */

/* Begin PBXProject section */
		61D6CE011F3237490021133D /* Project object */ = {
			isa = PBXProject;
			attributes = {
				LastUpgradeCheck = 0830;
				ORGANIZATIONNAME = "Mateusz Stompór";
				TargetAttributes = {
					61D6CE081F3237490021133D = {
						CreatedOnToolsVersion = 8.3.3;
						DevelopmentTeam = R78NEXF6E2;
						LastSwiftMigration = 0830;
						ProvisioningStyle = Automatic;
					};
				};
			};
			buildConfigurationList = 61D6CE041F3237490021133D /* Build configuration list for PBXProject "MSEngineTestApp" */;
			compatibilityVersion = "Xcode 3.2";
			developmentRegion = English;
			hasScannedForEncodings = 0;
			knownRegions = (
				en,
				Base,
			);
			mainGroup = 61D6CE001F3237490021133D;
			productRefGroup = 61D6CE0A1F3237490021133D /* Products */;
			projectDirPath = "";
			projectReferences = (
				{
					ProductGroup = 6104CEF11F3245C8000547D8 /* Products */;
					ProjectRef = 6104CEF01F3245C8000547D8 /* MSGraphicsEngine.xcodeproj */;
				},
			);
			projectRoot = "";
			targets = (
				61D6CE081F3237490021133D /* MSEngineTestApp */,
			);
		};
/* End PBXProject section */

/* Begin PBXReferenceProxy section */
		6104CF011F3245C8000547D8 /* iMSGraphicsEngine.framework */ = {
			isa = PBXReferenceProxy;
			fileType = wrapper.framework;
			path = iMSGraphicsEngine.framework;
			remoteRef = 6104CF001F3245C8000547D8 /* PBXContainerItemProxy */;
			sourceTree = BUILT_PRODUCTS_DIR;
		};
		6140D1521F5878CE005A122C /* macMSGraphicsEngine.framework */ = {
			isa = PBXReferenceProxy;
			fileType = wrapper.framework;
			path = macMSGraphicsEngine.framework;
			remoteRef = 6140D1511F5878CE005A122C /* PBXContainerItemProxy */;
			sourceTree = BUILT_PRODUCTS_DIR;
		};
		6140D1541F5878CE005A122C /* macMSGraphicsEngineTests.xctest */ = {
			isa = PBXReferenceProxy;
			fileType = wrapper.cfbundle;
			path = macMSGraphicsEngineTests.xctest;
			remoteRef = 6140D1531F5878CE005A122C /* PBXContainerItemProxy */;
			sourceTree = BUILT_PRODUCTS_DIR;
		};
/* End PBXReferenceProxy section */

/* Begin PBXResourcesBuildPhase section */
		61D6CE071F3237490021133D /* Resources */ = {
			isa = PBXResourcesBuildPhase;
			buildActionMask = 2147483647;
			files = (
				615D78B21F589E9900EAE383 /* base_bareMetal.bmp in Resources */,
				615D78B31F589E9900EAE383 /* base_brightWood.bmp in Resources */,
				615D78B41F589E9900EAE383 /* base_brownWood.bmp in Resources */,
				615D78B51F589E9900EAE383 /* base_darkWood.bmp in Resources */,
				615D78B61F589E9900EAE383 /* base_wallPaint.bmp in Resources */,
				615D78B71F589E9900EAE383 /* base_woodFloor.bmp in Resources */,
				615D78B81F589E9900EAE383 /* blackBoard.bmp in Resources */,
				615D78BA1F589E9900EAE383 /* cork.bmp in Resources */,
				615D78BB1F589E9900EAE383 /* europeMap.bmp in Resources */,
				615D78BC1F589E9900EAE383 /* glass.bmp in Resources */,
				615D78BD1F589E9900EAE383 /* wallClock.bmp in Resources */,
				615D78BE1F589E9900EAE383 /* woodPlanks.bmp in Resources */,
				615D78A61F588CB900EAE383 /* classroom.mtl in Resources */,
				6104CF091F324723000547D8 /* classroom.obj in Resources */,
				6104CF0A1F324723000547D8 /* simpleCube.obj in Resources */,
				61D6CE1C1F3237490021133D /* LaunchScreen.storyboard in Resources */,
				61D6CE191F3237490021133D /* Assets.xcassets in Resources */,
				61D6CE171F3237490021133D /* Main.storyboard in Resources */,
			);
			runOnlyForDeploymentPostprocessing = 0;
		};
/* End PBXResourcesBuildPhase section */

/* Begin PBXShellScriptBuildPhase section */
		6131FFAC1F8011B50008023A /* ShellScript */ = {
			isa = PBXShellScriptBuildPhase;
			buildActionMask = 2147483647;
			files = (
			);
			inputPaths = (
			);
			outputPaths = (
			);
			runOnlyForDeploymentPostprocessing = 0;
			shellPath = /bin/sh;
			shellScript = "\"${PROJECT_DIR}/Frameworks/Fabric.framework/run\" 38251d925c88b2ca833e12f8053d5ccff78eafbd 4877e164f31747aa936115b242698a53e3b60a9185a62c046ca40282940261b5";
		};
/* End PBXShellScriptBuildPhase section */

/* Begin PBXSourcesBuildPhase section */
		61D6CE051F3237490021133D /* Sources */ = {
			isa = PBXSourcesBuildPhase;
			buildActionMask = 2147483647;
			files = (
				61D6CE141F3237490021133D /* RenderViewController.m in Sources */,
				6182B4F91F9009B4008C5817 /* TouchHandler.m in Sources */,
				61D6CE111F3237490021133D /* AppDelegate.m in Sources */,
				61D6CE971F3241A30021133D /* RenderView.m in Sources */,
				615A8C401F68789300BD93AB /* InitialViewController.swift in Sources */,
				617CA63A1F352EE30096F1DD /* JoystickView.swift in Sources */,
				61D6CE0E1F3237490021133D /* main.m in Sources */,
				6182B4FD1F90DFBD008C5817 /* GyroHandler.m in Sources */,
			);
			runOnlyForDeploymentPostprocessing = 0;
		};
/* End PBXSourcesBuildPhase section */

/* Begin PBXTargetDependency section */
		6104CF031F3245D5000547D8 /* PBXTargetDependency */ = {
			isa = PBXTargetDependency;
			name = iMSGraphicsEngine;
			targetProxy = 6104CF021F3245D5000547D8 /* PBXContainerItemProxy */;
		};
/* End PBXTargetDependency section */

/* Begin PBXVariantGroup section */
		61D6CE151F3237490021133D /* Main.storyboard */ = {
			isa = PBXVariantGroup;
			children = (
				61D6CE161F3237490021133D /* Base */,
			);
			name = Main.storyboard;
			sourceTree = "<group>";
		};
		61D6CE1A1F3237490021133D /* LaunchScreen.storyboard */ = {
			isa = PBXVariantGroup;
			children = (
				61D6CE1B1F3237490021133D /* Base */,
			);
			name = LaunchScreen.storyboard;
			sourceTree = "<group>";
		};
/* End PBXVariantGroup section */

/* Begin XCBuildConfiguration section */
		61D6CE1E1F3237490021133D /* Debug */ = {
			isa = XCBuildConfiguration;
			buildSettings = {
				ALWAYS_SEARCH_USER_PATHS = NO;
				CLANG_ANALYZER_NONNULL = YES;
				CLANG_ANALYZER_NUMBER_OBJECT_CONVERSION = YES_AGGRESSIVE;
				CLANG_CXX_LANGUAGE_STANDARD = "gnu++0x";
				CLANG_CXX_LIBRARY = "libc++";
				CLANG_ENABLE_MODULES = YES;
				CLANG_ENABLE_OBJC_ARC = YES;
				CLANG_WARN_BOOL_CONVERSION = YES;
				CLANG_WARN_CONSTANT_CONVERSION = YES;
				CLANG_WARN_DIRECT_OBJC_ISA_USAGE = YES_ERROR;
				CLANG_WARN_DOCUMENTATION_COMMENTS = YES;
				CLANG_WARN_EMPTY_BODY = YES;
				CLANG_WARN_ENUM_CONVERSION = YES;
				CLANG_WARN_INFINITE_RECURSION = YES;
				CLANG_WARN_INT_CONVERSION = YES;
				CLANG_WARN_OBJC_ROOT_CLASS = YES_ERROR;
				CLANG_WARN_SUSPICIOUS_MOVE = YES;
				CLANG_WARN_UNREACHABLE_CODE = YES;
				CLANG_WARN__DUPLICATE_METHOD_MATCH = YES;
				"CODE_SIGN_IDENTITY[sdk=iphoneos*]" = "iPhone Developer";
				COPY_PHASE_STRIP = NO;
				DEBUG_INFORMATION_FORMAT = dwarf;
				ENABLE_STRICT_OBJC_MSGSEND = YES;
				ENABLE_TESTABILITY = YES;
				GCC_C_LANGUAGE_STANDARD = gnu99;
				GCC_DYNAMIC_NO_PIC = NO;
				GCC_NO_COMMON_BLOCKS = YES;
				GCC_OPTIMIZATION_LEVEL = 0;
				GCC_PREPROCESSOR_DEFINITIONS = (
					"DEBUG=1",
					"$(inherited)",
				);
				GCC_WARN_64_TO_32_BIT_CONVERSION = YES;
				GCC_WARN_ABOUT_RETURN_TYPE = YES_ERROR;
				GCC_WARN_UNDECLARED_SELECTOR = YES;
				GCC_WARN_UNINITIALIZED_AUTOS = YES_AGGRESSIVE;
				GCC_WARN_UNUSED_FUNCTION = YES;
				GCC_WARN_UNUSED_VARIABLE = YES;
				IPHONEOS_DEPLOYMENT_TARGET = 10.3;
				MTL_ENABLE_DEBUG_INFO = YES;
				ONLY_ACTIVE_ARCH = YES;
				SDKROOT = iphoneos;
			};
			name = Debug;
		};
		61D6CE1F1F3237490021133D /* Release */ = {
			isa = XCBuildConfiguration;
			buildSettings = {
				ALWAYS_SEARCH_USER_PATHS = NO;
				CLANG_ANALYZER_NONNULL = YES;
				CLANG_ANALYZER_NUMBER_OBJECT_CONVERSION = YES_AGGRESSIVE;
				CLANG_CXX_LANGUAGE_STANDARD = "gnu++0x";
				CLANG_CXX_LIBRARY = "libc++";
				CLANG_ENABLE_MODULES = YES;
				CLANG_ENABLE_OBJC_ARC = YES;
				CLANG_WARN_BOOL_CONVERSION = YES;
				CLANG_WARN_CONSTANT_CONVERSION = YES;
				CLANG_WARN_DIRECT_OBJC_ISA_USAGE = YES_ERROR;
				CLANG_WARN_DOCUMENTATION_COMMENTS = YES;
				CLANG_WARN_EMPTY_BODY = YES;
				CLANG_WARN_ENUM_CONVERSION = YES;
				CLANG_WARN_INFINITE_RECURSION = YES;
				CLANG_WARN_INT_CONVERSION = YES;
				CLANG_WARN_OBJC_ROOT_CLASS = YES_ERROR;
				CLANG_WARN_SUSPICIOUS_MOVE = YES;
				CLANG_WARN_UNREACHABLE_CODE = YES;
				CLANG_WARN__DUPLICATE_METHOD_MATCH = YES;
				"CODE_SIGN_IDENTITY[sdk=iphoneos*]" = "iPhone Developer";
				COPY_PHASE_STRIP = NO;
				DEBUG_INFORMATION_FORMAT = "dwarf-with-dsym";
				ENABLE_NS_ASSERTIONS = NO;
				ENABLE_STRICT_OBJC_MSGSEND = YES;
				GCC_C_LANGUAGE_STANDARD = gnu99;
				GCC_NO_COMMON_BLOCKS = YES;
				GCC_WARN_64_TO_32_BIT_CONVERSION = YES;
				GCC_WARN_ABOUT_RETURN_TYPE = YES_ERROR;
				GCC_WARN_UNDECLARED_SELECTOR = YES;
				GCC_WARN_UNINITIALIZED_AUTOS = YES_AGGRESSIVE;
				GCC_WARN_UNUSED_FUNCTION = YES;
				GCC_WARN_UNUSED_VARIABLE = YES;
				IPHONEOS_DEPLOYMENT_TARGET = 10.3;
				MTL_ENABLE_DEBUG_INFO = NO;
				SDKROOT = iphoneos;
				VALIDATE_PRODUCT = YES;
			};
			name = Release;
		};
		61D6CE211F3237490021133D /* Debug */ = {
			isa = XCBuildConfiguration;
			buildSettings = {
				ALWAYS_EMBED_SWIFT_STANDARD_LIBRARIES = YES;
				ASSETCATALOG_COMPILER_APPICON_NAME = AppIcon;
				CLANG_ENABLE_MODULES = YES;
				DEFINES_MODULE = YES;
				DEVELOPMENT_TEAM = R78NEXF6E2;
				FRAMEWORK_SEARCH_PATHS = (
					"$(inherited)",
					"$(LOCAL_LIBRARY_DIR)/Frameworks",
					"$(PROJECT_DIR)/Frameworks",
				);
				HEADER_SEARCH_PATHS = "";
				INFOPLIST_FILE = MSEngineTestApp/Info.plist;
				IPHONEOS_DEPLOYMENT_TARGET = 11.1;
				LD_RUNPATH_SEARCH_PATHS = "$(inherited) @executable_path/Frameworks";
				LIBRARY_SEARCH_PATHS = "";
				PRODUCT_BUNDLE_IDENTIFIER = com.stompor.mateusz.MSEngineTestApp;
				PRODUCT_MODULE_NAME = MSEngineTestApp;
				PRODUCT_NAME = "$(TARGET_NAME)";
				SWIFT_OBJC_BRIDGING_HEADER = "MSEngineTestApp/MSEngineTestApp-Bridging-Header.h";
				SWIFT_OPTIMIZATION_LEVEL = "-Onone";
				SWIFT_VERSION = 3.0;
			};
			name = Debug;
		};
		61D6CE221F3237490021133D /* Release */ = {
			isa = XCBuildConfiguration;
			buildSettings = {
				ALWAYS_EMBED_SWIFT_STANDARD_LIBRARIES = YES;
				ASSETCATALOG_COMPILER_APPICON_NAME = AppIcon;
				CLANG_ENABLE_MODULES = YES;
				DEFINES_MODULE = YES;
				DEVELOPMENT_TEAM = R78NEXF6E2;
				FRAMEWORK_SEARCH_PATHS = (
					"$(inherited)",
					"$(LOCAL_LIBRARY_DIR)/Frameworks",
					"$(PROJECT_DIR)/Frameworks",
				);
				HEADER_SEARCH_PATHS = "";
				INFOPLIST_FILE = MSEngineTestApp/Info.plist;
				IPHONEOS_DEPLOYMENT_TARGET = 11.1;
				LD_RUNPATH_SEARCH_PATHS = "$(inherited) @executable_path/Frameworks";
				LIBRARY_SEARCH_PATHS = "";
				PRODUCT_BUNDLE_IDENTIFIER = com.stompor.mateusz.MSEngineTestApp;
				PRODUCT_MODULE_NAME = MSEngineTestApp;
				PRODUCT_NAME = "$(TARGET_NAME)";
				SWIFT_OBJC_BRIDGING_HEADER = "MSEngineTestApp/MSEngineTestApp-Bridging-Header.h";
				SWIFT_VERSION = 3.0;
			};
			name = Release;
		};
/* End XCBuildConfiguration section */

/* Begin XCConfigurationList section */
		61D6CE041F3237490021133D /* Build configuration list for PBXProject "MSEngineTestApp" */ = {
			isa = XCConfigurationList;
			buildConfigurations = (
				61D6CE1E1F3237490021133D /* Debug */,
				61D6CE1F1F3237490021133D /* Release */,
			);
			defaultConfigurationIsVisible = 0;
			defaultConfigurationName = Release;
		};
		61D6CE201F3237490021133D /* Build configuration list for PBXNativeTarget "MSEngineTestApp" */ = {
			isa = XCConfigurationList;
			buildConfigurations = (
				61D6CE211F3237490021133D /* Debug */,
				61D6CE221F3237490021133D /* Release */,
			);
			defaultConfigurationIsVisible = 0;
			defaultConfigurationName = Release;
		};
/* End XCConfigurationList section */
	};
	rootObject = 61D6CE011F3237490021133D /* Project object */;
}
